PODS:
  - NJKWebViewProgress (0.1.6)
  - RSTAlertView (1.0)
  - RSTFileBrowserViewController (0.1)
  - RSTWebViewController (0.1):
    - NJKWebViewProgress

DEPENDENCIES:
  - RSTAlertView (from `/Users/riley.testut/Dropbox/Developer/RSTUtilities/RSTAlertView`)
  - RSTFileBrowserViewController (from `/Users/riley.testut/Dropbox/Developer/RSTUtilities/RSTFileBrowserViewController`)
  - RSTWebViewController (from `/Users/riley.testut/Dropbox/Developer/RSTUtilities/RSTWebViewController`)

EXTERNAL SOURCES:
  RSTAlertView:
    :path: /Users/riley.testut/Dropbox/Developer/RSTUtilities/RSTAlertView
  RSTFileBrowserViewController:
    :path: /Users/riley.testut/Dropbox/Developer/RSTUtilities/RSTFileBrowserViewController
  RSTWebViewController:
    :path: /Users/riley.testut/Dropbox/Developer/RSTUtilities/RSTWebViewController

SPEC CHECKSUMS:
  NJKWebViewProgress: 5181e8af629e60e8dd48c8b738b39e89eeecb351
  RSTAlertView: fe1aa23b517f6a4fd6fcc91d3aa5d0e0bff0cfcc
  RSTFileBrowserViewController: 8b5a87bf67bf5f9681210f854f5fc04bed6162a9
  RSTWebViewController: 21c6a83b487edb21652bbc7c63e617721f259f09

COCOAPODS: 0.22.2
