// !$*UTF8*$!
{
	archiveVersion = 1;
	classes = {
	};
	objectVersion = 46;
	objects = {

/* Begin PBXBuildFile section */
		CC1B66D117BF57B9007B2787 /* GBAResources.bundle in Resources */ = {isa = PBXBuildFile; fileRef = CC1B66D017BF57B9007B2787 /* GBAResources.bundle */; };
		CC1B66D317BF5CB6007B2787 /* icon-60@2x.png in Resources */ = {isa = PBXBuildFile; fileRef = CC1B66D217BF5CB6007B2787 /* icon-60@2x.png */; };
		CC1B66D517BF5DB4007B2787 /* newsstand_icon.png in Resources */ = {isa = PBXBuildFile; fileRef = CC1B66D417BF5DB4007B2787 /* newsstand_icon.png */; };
		CCE93EB917BED81B008EADAF /* Foundation.framework in Frameworks */ = {isa = PBXBuildFile; fileRef = CCE93EB817BED81B008EADAF /* Foundation.framework */; };
		CCE93EBB17BED81B008EADAF /* CoreGraphics.framework in Frameworks */ = {isa = PBXBuildFile; fileRef = CCE93EBA17BED81B008EADAF /* CoreGraphics.framework */; };
		CCE93EBD17BED81B008EADAF /* UIKit.framework in Frameworks */ = {isa = PBXBuildFile; fileRef = CCE93EBC17BED81B008EADAF /* UIKit.framework */; };
		CCE93EC317BED81B008EADAF /* InfoPlist.strings in Resources */ = {isa = PBXBuildFile; fileRef = CCE93EC117BED81B008EADAF /* InfoPlist.strings */; };
		CCE93EC517BED81B008EADAF /* main.m in Sources */ = {isa = PBXBuildFile; fileRef = CCE93EC417BED81B008EADAF /* main.m */; };
		CCE93EC917BED81B008EADAF /* GBAAppStoreAppDelegate.m in Sources */ = {isa = PBXBuildFile; fileRef = CCE93EC817BED81B008EADAF /* GBAAppStoreAppDelegate.m */; };
		CCE93ECC17BED81B008EADAF /* Main.storyboard in Resources */ = {isa = PBXBuildFile; fileRef = CCE93ECA17BED81B008EADAF /* Main.storyboard */; };
		CCE93ECF17BED81B008EADAF /* GBAViewController.m in Sources */ = {isa = PBXBuildFile; fileRef = CCE93ECE17BED81B008EADAF /* GBAViewController.m */; };
		CCE93ED117BED81B008EADAF /* Images.xcassets in Resources */ = {isa = PBXBuildFile; fileRef = CCE93ED017BED81B008EADAF /* Images.xcassets */; };
/* End PBXBuildFile section */

/* Begin PBXFileReference section */
		CC1B66D017BF57B9007B2787 /* GBAResources.bundle */ = {isa = PBXFileReference; lastKnownFileType = "wrapper.plug-in"; name = GBAResources.bundle; path = "../../../../../../../Library/Developer/Xcode/DerivedData/GBA4iOS-dqkflotukruucqbxjyslhtfuekse/Build/Products/Debug-iphoneos/GBAResources.bundle"; sourceTree = "<group>"; };
		CC1B66D217BF5CB6007B2787 /* icon-60@2x.png */ = {isa = PBXFileReference; lastKnownFileType = image.png; path = "icon-60@2x.png"; sourceTree = "<group>"; };
		CC1B66D417BF5DB4007B2787 /* newsstand_icon.png */ = {isa = PBXFileReference; lastKnownFileType = image.png; path = newsstand_icon.png; sourceTree = "<group>"; };
		CCE93EB517BED81B008EADAF /* GBA4iOS-AppStore.app */ = {isa = PBXFileReference; explicitFileType = wrapper.application; includeInIndex = 0; path = "GBA4iOS-AppStore.app"; sourceTree = BUILT_PRODUCTS_DIR; };
		CCE93EB817BED81B008EADAF /* Foundation.framework */ = {isa = PBXFileReference; lastKnownFileType = wrapper.framework; name = Foundation.framework; path = System/Library/Frameworks/Foundation.framework; sourceTree = SDKROOT; };
		CCE93EBA17BED81B008EADAF /* CoreGraphics.framework */ = {isa = PBXFileReference; lastKnownFileType = wrapper.framework; name = CoreGraphics.framework; path = System/Library/Frameworks/CoreGraphics.framework; sourceTree = SDKROOT; };
		CCE93EBC17BED81B008EADAF /* UIKit.framework */ = {isa = PBXFileReference; lastKnownFileType = wrapper.framework; name = UIKit.framework; path = System/Library/Frameworks/UIKit.framework; sourceTree = SDKROOT; };
		CCE93EC017BED81B008EADAF /* GBA4iOS-AppStore-Info.plist */ = {isa = PBXFileReference; lastKnownFileType = text.plist.xml; path = "GBA4iOS-AppStore-Info.plist"; sourceTree = "<group>"; };
		CCE93EC217BED81B008EADAF /* en */ = {isa = PBXFileReference; lastKnownFileType = text.plist.strings; name = en; path = en.lproj/InfoPlist.strings; sourceTree = "<group>"; };
		CCE93EC417BED81B008EADAF /* main.m */ = {isa = PBXFileReference; lastKnownFileType = sourcecode.c.objc; path = main.m; sourceTree = "<group>"; };
		CCE93EC617BED81B008EADAF /* GBA4iOS-AppStore-Prefix.pch */ = {isa = PBXFileReference; lastKnownFileType = sourcecode.c.h; path = "GBA4iOS-AppStore-Prefix.pch"; sourceTree = "<group>"; };
		CCE93EC717BED81B008EADAF /* GBAAppStoreAppDelegate.h */ = {isa = PBXFileReference; lastKnownFileType = sourcecode.c.h; path = GBAAppStoreAppDelegate.h; sourceTree = "<group>"; };
		CCE93EC817BED81B008EADAF /* GBAAppStoreAppDelegate.m */ = {isa = PBXFileReference; lastKnownFileType = sourcecode.c.objc; path = GBAAppStoreAppDelegate.m; sourceTree = "<group>"; };
		CCE93ECB17BED81B008EADAF /* Base */ = {isa = PBXFileReference; lastKnownFileType = file.storyboard; name = Base; path = Base.lproj/Main.storyboard; sourceTree = "<group>"; };
		CCE93ECD17BED81B008EADAF /* GBAViewController.h */ = {isa = PBXFileReference; lastKnownFileType = sourcecode.c.h; path = GBAViewController.h; sourceTree = "<group>"; };
		CCE93ECE17BED81B008EADAF /* GBAViewController.m */ = {isa = PBXFileReference; lastKnownFileType = sourcecode.c.objc; path = GBAViewController.m; sourceTree = "<group>"; };
		CCE93ED017BED81B008EADAF /* Images.xcassets */ = {isa = PBXFileReference; lastKnownFileType = folder.assetcatalog; path = Images.xcassets; sourceTree = "<group>"; };
		CCE93ED717BED81B008EADAF /* XCTest.framework */ = {isa = PBXFileReference; lastKnownFileType = wrapper.framework; name = XCTest.framework; path = Library/Frameworks/XCTest.framework; sourceTree = DEVELOPER_DIR; };
		CCE93F0A17BEDD48008EADAF /* libGBA4iOS.dylib */ = {isa = PBXFileReference; lastKnownFileType = "compiled.mach-o.dylib"; name = libGBA4iOS.dylib; path = "../../../../../../Library/Developer/Xcode/DerivedData/GBA4iOS-dqkflotukruucqbxjyslhtfuekse/Build/Products/Debug-iphoneos/libGBA4iOS.dylib"; sourceTree = "<group>"; };
/* End PBXFileReference section */

/* Begin PBXFrameworksBuildPhase section */
		CCE93EB217BED81B008EADAF /* Frameworks */ = {
			isa = PBXFrameworksBuildPhase;
			buildActionMask = 2147483647;
			files = (
				CCE93EBB17BED81B008EADAF /* CoreGraphics.framework in Frameworks */,
				CCE93EBD17BED81B008EADAF /* UIKit.framework in Frameworks */,
				CCE93EB917BED81B008EADAF /* Foundation.framework in Frameworks */,
			);
			runOnlyForDeploymentPostprocessing = 0;
		};
/* End PBXFrameworksBuildPhase section */

/* Begin PBXGroup section */
		CCE93EAC17BED81B008EADAF = {
			isa = PBXGroup;
			children = (
				CCE93EBE17BED81B008EADAF /* GBA4iOS-AppStore */,
				CCE93EB717BED81B008EADAF /* Frameworks */,
				CCE93EB617BED81B008EADAF /* Products */,
			);
			sourceTree = "<group>";
		};
		CCE93EB617BED81B008EADAF /* Products */ = {
			isa = PBXGroup;
			children = (
				CCE93EB517BED81B008EADAF /* GBA4iOS-AppStore.app */,
			);
			name = Products;
			sourceTree = "<group>";
		};
		CCE93EB717BED81B008EADAF /* Frameworks */ = {
			isa = PBXGroup;
			children = (
				CCE93F0A17BEDD48008EADAF /* libGBA4iOS.dylib */,
				CCE93EB817BED81B008EADAF /* Foundation.framework */,
				CCE93EBA17BED81B008EADAF /* CoreGraphics.framework */,
				CCE93EBC17BED81B008EADAF /* UIKit.framework */,
				CCE93ED717BED81B008EADAF /* XCTest.framework */,
			);
			name = Frameworks;
			sourceTree = "<group>";
		};
		CCE93EBE17BED81B008EADAF /* GBA4iOS-AppStore */ = {
			isa = PBXGroup;
			children = (
				CCE93EC717BED81B008EADAF /* GBAAppStoreAppDelegate.h */,
				CCE93EC817BED81B008EADAF /* GBAAppStoreAppDelegate.m */,
				CCE93ECA17BED81B008EADAF /* Main.storyboard */,
				CCE93ECD17BED81B008EADAF /* GBAViewController.h */,
				CCE93ECE17BED81B008EADAF /* GBAViewController.m */,
				CCE93ED017BED81B008EADAF /* Images.xcassets */,
				CCE93EBF17BED81B008EADAF /* Supporting Files */,
			);
			path = "GBA4iOS-AppStore";
			sourceTree = "<group>";
		};
		CCE93EBF17BED81B008EADAF /* Supporting Files */ = {
			isa = PBXGroup;
			children = (
				CC1B66D417BF5DB4007B2787 /* newsstand_icon.png */,
				CC1B66D217BF5CB6007B2787 /* icon-60@2x.png */,
				CC1B66D017BF57B9007B2787 /* GBAResources.bundle */,
				CCE93EC017BED81B008EADAF /* GBA4iOS-AppStore-Info.plist */,
				CCE93EC117BED81B008EADAF /* InfoPlist.strings */,
				CCE93EC417BED81B008EADAF /* main.m */,
				CCE93EC617BED81B008EADAF /* GBA4iOS-AppStore-Prefix.pch */,
			);
			name = "Supporting Files";
			sourceTree = "<group>";
		};
/* End PBXGroup section */

/* Begin PBXNativeTarget section */
		CCE93EB417BED81B008EADAF /* GBA4iOS-AppStore */ = {
			isa = PBXNativeTarget;
			buildConfigurationList = CCE93EE717BED81B008EADAF /* Build configuration list for PBXNativeTarget "GBA4iOS-AppStore" */;
			buildPhases = (
				CCE93EB117BED81B008EADAF /* Sources */,
				CCE93EB217BED81B008EADAF /* Frameworks */,
				CCE93EB317BED81B008EADAF /* Resources */,
			);
			buildRules = (
			);
			dependencies = (
			);
			name = "GBA4iOS-AppStore";
			productName = "GBA4iOS-AppStore";
			productReference = CCE93EB517BED81B008EADAF /* GBA4iOS-AppStore.app */;
			productType = "com.apple.product-type.application";
		};
/* End PBXNativeTarget section */

/* Begin PBXProject section */
		CCE93EAD17BED81B008EADAF /* Project object */ = {
			isa = PBXProject;
			attributes = {
				CLASSPREFIX = GBA;
				LastUpgradeCheck = 0500;
				ORGANIZATIONNAME = "Riley Testut";
			};
			buildConfigurationList = CCE93EB017BED81B008EADAF /* Build configuration list for PBXProject "GBA4iOS-AppStore" */;
			compatibilityVersion = "Xcode 3.2";
			developmentRegion = English;
			hasScannedForEncodings = 0;
			knownRegions = (
				en,
				Base,
			);
			mainGroup = CCE93EAC17BED81B008EADAF;
			productRefGroup = CCE93EB617BED81B008EADAF /* Products */;
			projectDirPath = "";
			projectRoot = "";
			targets = (
				CCE93EB417BED81B008EADAF /* GBA4iOS-AppStore */,
			);
		};
/* End PBXProject section */

/* Begin PBXResourcesBuildPhase section */
		CCE93EB317BED81B008EADAF /* Resources */ = {
			isa = PBXResourcesBuildPhase;
			buildActionMask = 2147483647;
			files = (
				CC1B66D517BF5DB4007B2787 /* newsstand_icon.png in Resources */,
				CCE93ED117BED81B008EADAF /* Images.xcassets in Resources */,
				CC1B66D117BF57B9007B2787 /* GBAResources.bundle in Resources */,
				CC1B66D317BF5CB6007B2787 /* icon-60@2x.png in Resources */,
				CCE93EC317BED81B008EADAF /* InfoPlist.strings in Resources */,
				CCE93ECC17BED81B008EADAF /* Main.storyboard in Resources */,
			);
			runOnlyForDeploymentPostprocessing = 0;
		};
/* End PBXResourcesBuildPhase section */

/* Begin PBXSourcesBuildPhase section */
		CCE93EB117BED81B008EADAF /* Sources */ = {
			isa = PBXSourcesBuildPhase;
			buildActionMask = 2147483647;
			files = (
				CCE93EC517BED81B008EADAF /* main.m in Sources */,
				CCE93EC917BED81B008EADAF /* GBAAppStoreAppDelegate.m in Sources */,
				CCE93ECF17BED81B008EADAF /* GBAViewController.m in Sources */,
			);
			runOnlyForDeploymentPostprocessing = 0;
		};
/* End PBXSourcesBuildPhase section */

/* Begin PBXVariantGroup section */
		CCE93EC117BED81B008EADAF /* InfoPlist.strings */ = {
			isa = PBXVariantGroup;
			children = (
				CCE93EC217BED81B008EADAF /* en */,
			);
			name = InfoPlist.strings;
			sourceTree = "<group>";
		};
		CCE93ECA17BED81B008EADAF /* Main.storyboard */ = {
			isa = PBXVariantGroup;
			children = (
				CCE93ECB17BED81B008EADAF /* Base */,
			);
			name = Main.storyboard;
			sourceTree = "<group>";
		};
/* End PBXVariantGroup section */

/* Begin XCBuildConfiguration section */
		CCE93EE517BED81B008EADAF /* Debug */ = {
			isa = XCBuildConfiguration;
			buildSettings = {
				ALWAYS_SEARCH_USER_PATHS = NO;
				CLANG_CXX_LANGUAGE_STANDARD = "gnu++0x";
				CLANG_CXX_LIBRARY = "libc++";
				CLANG_ENABLE_MODULES = YES;
				CLANG_ENABLE_OBJC_ARC = YES;
				CLANG_WARN_BOOL_CONVERSION = YES;
				CLANG_WARN_CONSTANT_CONVERSION = YES;
				CLANG_WARN_DIRECT_OBJC_ISA_USAGE = YES_ERROR;
				CLANG_WARN_EMPTY_BODY = YES;
				CLANG_WARN_ENUM_CONVERSION = YES;
				CLANG_WARN_INT_CONVERSION = YES;
				CLANG_WARN_OBJC_ROOT_CLASS = YES_ERROR;
				CLANG_WARN__DUPLICATE_METHOD_MATCH = YES;
				"CODE_SIGN_IDENTITY[sdk=iphoneos*]" = "iPhone Developer";
				COPY_PHASE_STRIP = NO;
				GCC_C_LANGUAGE_STANDARD = gnu99;
				GCC_DYNAMIC_NO_PIC = NO;
				GCC_OPTIMIZATION_LEVEL = 0;
				GCC_PREPROCESSOR_DEFINITIONS = (
					"DEBUG=1",
					"$(inherited)",
				);
				GCC_SYMBOLS_PRIVATE_EXTERN = NO;
				GCC_WARN_ABOUT_RETURN_TYPE = YES_ERROR;
				GCC_WARN_UNDECLARED_SELECTOR = YES;
				GCC_WARN_UNINITIALIZED_AUTOS = YES;
				GCC_WARN_UNUSED_FUNCTION = YES;
				GCC_WARN_UNUSED_VARIABLE = YES;
				IPHONEOS_DEPLOYMENT_TARGET = 7.0;
				ONLY_ACTIVE_ARCH = YES;
				SDKROOT = iphoneos;
			};
			name = Debug;
		};
		CCE93EE617BED81B008EADAF /* Release */ = {
			isa = XCBuildConfiguration;
			buildSettings = {
				ALWAYS_SEARCH_USER_PATHS = NO;
				CLANG_CXX_LANGUAGE_STANDARD = "gnu++0x";
				CLANG_CXX_LIBRARY = "libc++";
				CLANG_ENABLE_MODULES = YES;
				CLANG_ENABLE_OBJC_ARC = YES;
				CLANG_WARN_BOOL_CONVERSION = YES;
				CLANG_WARN_CONSTANT_CONVERSION = YES;
				CLANG_WARN_DIRECT_OBJC_ISA_USAGE = YES_ERROR;
				CLANG_WARN_EMPTY_BODY = YES;
				CLANG_WARN_ENUM_CONVERSION = YES;
				CLANG_WARN_INT_CONVERSION = YES;
				CLANG_WARN_OBJC_ROOT_CLASS = YES_ERROR;
				CLANG_WARN__DUPLICATE_METHOD_MATCH = YES;
				"CODE_SIGN_IDENTITY[sdk=iphoneos*]" = "iPhone Developer";
				COPY_PHASE_STRIP = YES;
				ENABLE_NS_ASSERTIONS = NO;
				GCC_C_LANGUAGE_STANDARD = gnu99;
				GCC_WARN_ABOUT_RETURN_TYPE = YES_ERROR;
				GCC_WARN_UNDECLARED_SELECTOR = YES;
				GCC_WARN_UNINITIALIZED_AUTOS = YES;
				GCC_WARN_UNUSED_FUNCTION = YES;
				GCC_WARN_UNUSED_VARIABLE = YES;
				IPHONEOS_DEPLOYMENT_TARGET = 7.0;
				SDKROOT = iphoneos;
				VALIDATE_PRODUCT = YES;
			};
			name = Release;
		};
		CCE93EE817BED81B008EADAF /* Debug */ = {
			isa = XCBuildConfiguration;
			buildSettings = {
				ASSETCATALOG_COMPILER_APPICON_NAME = AppIcon;
				ASSETCATALOG_COMPILER_LAUNCHIMAGE_NAME = LaunchImage;
				GCC_PRECOMPILE_PREFIX_HEADER = YES;
				GCC_PREFIX_HEADER = "GBA4iOS-AppStore/GBA4iOS-AppStore-Prefix.pch";
				HEADER_SEARCH_PATHS = ../libGBA4iOS/;
				INFOPLIST_FILE = "GBA4iOS-AppStore/GBA4iOS-AppStore-Info.plist";
				LIBRARY_SEARCH_PATHS = (
					"$(inherited)",
					"/Users/riley.testut/Dropbox/Developer/Open_Source/Emulators/GBA4iOS/GBA4iOS-AppStore/GBA4iOS-AppStore",
					"$(USER_LIBRARY_DIR)/Developer/Xcode/DerivedData/GBA4iOS-dqkflotukruucqbxjyslhtfuekse/Build/Products/Debug-iphoneos",
				);
				PRODUCT_NAME = "$(TARGET_NAME)";
				WRAPPER_EXTENSION = app;
			};
			name = Debug;
		};
		CCE93EE917BED81B008EADAF /* Release */ = {
			isa = XCBuildConfiguration;
			buildSettings = {
				ASSETCATALOG_COMPILER_APPICON_NAME = AppIcon;
				ASSETCATALOG_COMPILER_LAUNCHIMAGE_NAME = LaunchImage;
				GCC_PRECOMPILE_PREFIX_HEADER = YES;
				GCC_PREFIX_HEADER = "GBA4iOS-AppStore/GBA4iOS-AppStore-Prefix.pch";
				HEADER_SEARCH_PATHS = ../libGBA4iOS/;
				INFOPLIST_FILE = "GBA4iOS-AppStore/GBA4iOS-AppStore-Info.plist";
				LIBRARY_SEARCH_PATHS = (
					"$(inherited)",
					"/Users/riley.testut/Dropbox/Developer/Open_Source/Emulators/GBA4iOS/GBA4iOS-AppStore/GBA4iOS-AppStore",
					"$(USER_LIBRARY_DIR)/Developer/Xcode/DerivedData/GBA4iOS-dqkflotukruucqbxjyslhtfuekse/Build/Products/Debug-iphoneos",
				);
				PRODUCT_NAME = "$(TARGET_NAME)";
				WRAPPER_EXTENSION = app;
			};
			name = Release;
		};
/* End XCBuildConfiguration section */

/* Begin XCConfigurationList section */
		CCE93EB017BED81B008EADAF /* Build configuration list for PBXProject "GBA4iOS-AppStore" */ = {
			isa = XCConfigurationList;
			buildConfigurations = (
				CCE93EE517BED81B008EADAF /* Debug */,
				CCE93EE617BED81B008EADAF /* Release */,
			);
			defaultConfigurationIsVisible = 0;
			defaultConfigurationName = Release;
		};
		CCE93EE717BED81B008EADAF /* Build configuration list for PBXNativeTarget "GBA4iOS-AppStore" */ = {
			isa = XCConfigurationList;
			buildConfigurations = (
				CCE93EE817BED81B008EADAF /* Debug */,
				CCE93EE917BED81B008EADAF /* Release */,
			);
			defaultConfigurationIsVisible = 0;
			defaultConfigurationName = Release;
		};
/* End XCConfigurationList section */
	};
	rootObject = CCE93EAD17BED81B008EADAF /* Project object */;
}
