// !$*UTF8*$!
{
	archiveVersion = 1;
	classes = {
	};
	objectVersion = 46;
	objects = {

/* Begin PBXBuildFile section */
		581D3893B2BF44B9AE8320E5 /* libPods.a in Frameworks */ = {isa = PBXBuildFile; fileRef = DC7FC68338514E99889F3D95 /* libPods.a */; };
		CC1577D2179CF1B90068A54E /* AudioToolbox.framework in Frameworks */ = {isa = PBXBuildFile; fileRef = CC1577CD179CF1B90068A54E /* AudioToolbox.framework */; };
		CC1577D3179CF1B90068A54E /* CoreAudio.framework in Frameworks */ = {isa = PBXBuildFile; fileRef = CC1577CE179CF1B90068A54E /* CoreAudio.framework */; };
		CC1577D4179CF1B90068A54E /* CoreFoundation.framework in Frameworks */ = {isa = PBXBuildFile; fileRef = CC1577CF179CF1B90068A54E /* CoreFoundation.framework */; };
		CC1577D5179CF1B90068A54E /* MessageUI.framework in Frameworks */ = {isa = PBXBuildFile; fileRef = CC1577D0179CF1B90068A54E /* MessageUI.framework */; };
		CC1577D6179CF1B90068A54E /* QuartzCore.framework in Frameworks */ = {isa = PBXBuildFile; fileRef = CC1577D1179CF1B90068A54E /* QuartzCore.framework */; };
		CC1577D8179CF1F80068A54E /* libz.dylib in Frameworks */ = {isa = PBXBuildFile; fileRef = CC1577D7179CF1F80068A54E /* libz.dylib */; };
		CC157AE4179D1BC60068A54E /* png.c in Sources */ = {isa = PBXBuildFile; fileRef = CC157AD4179D1BC60068A54E /* png.c */; };
		CC157AE5179D1BC60068A54E /* pngerror.c in Sources */ = {isa = PBXBuildFile; fileRef = CC157AD6179D1BC60068A54E /* pngerror.c */; };
		CC157AE6179D1BC60068A54E /* pngget.c in Sources */ = {isa = PBXBuildFile; fileRef = CC157AD7179D1BC60068A54E /* pngget.c */; };
		CC157AE7179D1BC60068A54E /* pngmem.c in Sources */ = {isa = PBXBuildFile; fileRef = CC157AD8179D1BC60068A54E /* pngmem.c */; };
		CC157AE8179D1BC60068A54E /* pngpread.c in Sources */ = {isa = PBXBuildFile; fileRef = CC157AD9179D1BC60068A54E /* pngpread.c */; };
		CC157AE9179D1BC60068A54E /* pngread.c in Sources */ = {isa = PBXBuildFile; fileRef = CC157ADA179D1BC60068A54E /* pngread.c */; };
		CC157AEA179D1BC60068A54E /* pngrio.c in Sources */ = {isa = PBXBuildFile; fileRef = CC157ADB179D1BC60068A54E /* pngrio.c */; };
		CC157AEB179D1BC60068A54E /* pngrtran.c in Sources */ = {isa = PBXBuildFile; fileRef = CC157ADC179D1BC60068A54E /* pngrtran.c */; };
		CC157AEC179D1BC60068A54E /* pngrutil.c in Sources */ = {isa = PBXBuildFile; fileRef = CC157ADD179D1BC60068A54E /* pngrutil.c */; };
		CC157AED179D1BC60068A54E /* pngset.c in Sources */ = {isa = PBXBuildFile; fileRef = CC157ADE179D1BC60068A54E /* pngset.c */; };
		CC157AEE179D1BC60068A54E /* pngtrans.c in Sources */ = {isa = PBXBuildFile; fileRef = CC157ADF179D1BC60068A54E /* pngtrans.c */; };
		CC157AEF179D1BC60068A54E /* pngwio.c in Sources */ = {isa = PBXBuildFile; fileRef = CC157AE0179D1BC60068A54E /* pngwio.c */; };
		CC157AF0179D1BC60068A54E /* pngwrite.c in Sources */ = {isa = PBXBuildFile; fileRef = CC157AE1179D1BC60068A54E /* pngwrite.c */; };
		CC157AF1179D1BC60068A54E /* pngwtran.c in Sources */ = {isa = PBXBuildFile; fileRef = CC157AE2179D1BC60068A54E /* pngwtran.c */; };
		CC157AF2179D1BC60068A54E /* pngwutil.c in Sources */ = {isa = PBXBuildFile; fileRef = CC157AE3179D1BC60068A54E /* pngwutil.c */; };
		CC2D57001798F2EC00C616EB /* Foundation.framework in Frameworks */ = {isa = PBXBuildFile; fileRef = CC2D56FF1798F2EC00C616EB /* Foundation.framework */; };
		CC2D57021798F2EC00C616EB /* CoreGraphics.framework in Frameworks */ = {isa = PBXBuildFile; fileRef = CC2D57011798F2EC00C616EB /* CoreGraphics.framework */; };
		CC2D57041798F2EC00C616EB /* UIKit.framework in Frameworks */ = {isa = PBXBuildFile; fileRef = CC2D57031798F2EC00C616EB /* UIKit.framework */; };
		CC2D570A1798F2EC00C616EB /* InfoPlist.strings in Resources */ = {isa = PBXBuildFile; fileRef = CC2D57081798F2EC00C616EB /* InfoPlist.strings */; };
		CC2D570C1798F2EC00C616EB /* main.m in Sources */ = {isa = PBXBuildFile; fileRef = CC2D570B1798F2EC00C616EB /* main.m */; };
		CC2D57101798F2EC00C616EB /* GBAAppDelegate.m in Sources */ = {isa = PBXBuildFile; fileRef = CC2D570F1798F2EC00C616EB /* GBAAppDelegate.m */; };
		CC2D571B1798F2EC00C616EB /* Images.xcassets in Resources */ = {isa = PBXBuildFile; fileRef = CC2D571A1798F2EC00C616EB /* Images.xcassets */; };
		CC2D57221798F2ED00C616EB /* XCTest.framework in Frameworks */ = {isa = PBXBuildFile; fileRef = CC2D57211798F2ED00C616EB /* XCTest.framework */; };
		CC2D57231798F2ED00C616EB /* Foundation.framework in Frameworks */ = {isa = PBXBuildFile; fileRef = CC2D56FF1798F2EC00C616EB /* Foundation.framework */; };
		CC2D57241798F2ED00C616EB /* UIKit.framework in Frameworks */ = {isa = PBXBuildFile; fileRef = CC2D57031798F2EC00C616EB /* UIKit.framework */; };
		CC2D572C1798F2ED00C616EB /* InfoPlist.strings in Resources */ = {isa = PBXBuildFile; fileRef = CC2D572A1798F2ED00C616EB /* InfoPlist.strings */; };
		CC2D572E1798F2ED00C616EB /* GBA4iOSTests.m in Sources */ = {isa = PBXBuildFile; fileRef = CC2D572D1798F2ED00C616EB /* GBA4iOSTests.m */; };
		CC2D57411798F44700C616EB /* GBAROMTableViewController.m in Sources */ = {isa = PBXBuildFile; fileRef = CC2D57401798F44700C616EB /* GBAROMTableViewController.m */; };
		CC8BB0B31799A4D900F9864F /* GBAEmulationViewController.m in Sources */ = {isa = PBXBuildFile; fileRef = CC8BB0B21799A4D900F9864F /* GBAEmulationViewController.m */; };
		CC9B5986179906E700DD9067 /* Main_iPhone.storyboard in Resources */ = {isa = PBXBuildFile; fileRef = CC2D57111798F2EC00C616EB /* Main_iPhone.storyboard */; };
		CC9B5987179906E700DD9067 /* Main_iPad.storyboard in Resources */ = {isa = PBXBuildFile; fileRef = CC2D57141798F2EC00C616EB /* Main_iPad.storyboard */; };
/* End PBXBuildFile section */

/* Begin PBXContainerItemProxy section */
		CC2D57251798F2ED00C616EB /* PBXContainerItemProxy */ = {
			isa = PBXContainerItemProxy;
			containerPortal = CC2D56F41798F2EC00C616EB /* Project object */;
			proxyType = 1;
			remoteGlobalIDString = CC2D56FB1798F2EC00C616EB;
			remoteInfo = GBA4iOS;
		};
/* End PBXContainerItemProxy section */

/* Begin PBXFileReference section */
		CC1577CA179CF1850068A54E /* libGBAEmulator.a */ = {isa = PBXFileReference; lastKnownFileType = archive.ar; name = libGBAEmulator.a; path = "build/Debug-iphoneos/libGBAEmulator.a"; sourceTree = "<group>"; };
		CC1577CD179CF1B90068A54E /* AudioToolbox.framework */ = {isa = PBXFileReference; lastKnownFileType = wrapper.framework; name = AudioToolbox.framework; path = System/Library/Frameworks/AudioToolbox.framework; sourceTree = SDKROOT; };
		CC1577CE179CF1B90068A54E /* CoreAudio.framework */ = {isa = PBXFileReference; lastKnownFileType = wrapper.framework; name = CoreAudio.framework; path = System/Library/Frameworks/CoreAudio.framework; sourceTree = SDKROOT; };
		CC1577CF179CF1B90068A54E /* CoreFoundation.framework */ = {isa = PBXFileReference; lastKnownFileType = wrapper.framework; name = CoreFoundation.framework; path = System/Library/Frameworks/CoreFoundation.framework; sourceTree = SDKROOT; };
		CC1577D0179CF1B90068A54E /* MessageUI.framework */ = {isa = PBXFileReference; lastKnownFileType = wrapper.framework; name = MessageUI.framework; path = System/Library/Frameworks/MessageUI.framework; sourceTree = SDKROOT; };
		CC1577D1179CF1B90068A54E /* QuartzCore.framework */ = {isa = PBXFileReference; lastKnownFileType = wrapper.framework; name = QuartzCore.framework; path = System/Library/Frameworks/QuartzCore.framework; sourceTree = SDKROOT; };
		CC1577D7179CF1F80068A54E /* libz.dylib */ = {isa = PBXFileReference; lastKnownFileType = "compiled.mach-o.dylib"; name = libz.dylib; path = usr/lib/libz.dylib; sourceTree = SDKROOT; };
		CC157AD4179D1BC60068A54E /* png.c */ = {isa = PBXFileReference; fileEncoding = 4; lastKnownFileType = sourcecode.c.c; name = png.c; path = "emu-ex-plus-alpha/imagine/bundle/all/src/libpng/libpng-1.6.2/png.c"; sourceTree = SOURCE_ROOT; };
		CC157AD5179D1BC60068A54E /* png.h */ = {isa = PBXFileReference; fileEncoding = 4; lastKnownFileType = sourcecode.c.h; name = png.h; path = "emu-ex-plus-alpha/imagine/bundle/all/src/libpng/libpng-1.6.2/png.h"; sourceTree = SOURCE_ROOT; };
		CC157AD6179D1BC60068A54E /* pngerror.c */ = {isa = PBXFileReference; fileEncoding = 4; lastKnownFileType = sourcecode.c.c; name = pngerror.c; path = "emu-ex-plus-alpha/imagine/bundle/all/src/libpng/libpng-1.6.2/pngerror.c"; sourceTree = SOURCE_ROOT; };
		CC157AD7179D1BC60068A54E /* pngget.c */ = {isa = PBXFileReference; fileEncoding = 4; lastKnownFileType = sourcecode.c.c; name = pngget.c; path = "emu-ex-plus-alpha/imagine/bundle/all/src/libpng/libpng-1.6.2/pngget.c"; sourceTree = SOURCE_ROOT; };
		CC157AD8179D1BC60068A54E /* pngmem.c */ = {isa = PBXFileReference; fileEncoding = 4; lastKnownFileType = sourcecode.c.c; name = pngmem.c; path = "emu-ex-plus-alpha/imagine/bundle/all/src/libpng/libpng-1.6.2/pngmem.c"; sourceTree = SOURCE_ROOT; };
		CC157AD9179D1BC60068A54E /* pngpread.c */ = {isa = PBXFileReference; fileEncoding = 4; lastKnownFileType = sourcecode.c.c; name = pngpread.c; path = "emu-ex-plus-alpha/imagine/bundle/all/src/libpng/libpng-1.6.2/pngpread.c"; sourceTree = SOURCE_ROOT; };
		CC157ADA179D1BC60068A54E /* pngread.c */ = {isa = PBXFileReference; fileEncoding = 4; lastKnownFileType = sourcecode.c.c; name = pngread.c; path = "emu-ex-plus-alpha/imagine/bundle/all/src/libpng/libpng-1.6.2/pngread.c"; sourceTree = SOURCE_ROOT; };
		CC157ADB179D1BC60068A54E /* pngrio.c */ = {isa = PBXFileReference; fileEncoding = 4; lastKnownFileType = sourcecode.c.c; name = pngrio.c; path = "emu-ex-plus-alpha/imagine/bundle/all/src/libpng/libpng-1.6.2/pngrio.c"; sourceTree = SOURCE_ROOT; };
		CC157ADC179D1BC60068A54E /* pngrtran.c */ = {isa = PBXFileReference; fileEncoding = 4; lastKnownFileType = sourcecode.c.c; name = pngrtran.c; path = "emu-ex-plus-alpha/imagine/bundle/all/src/libpng/libpng-1.6.2/pngrtran.c"; sourceTree = SOURCE_ROOT; };
		CC157ADD179D1BC60068A54E /* pngrutil.c */ = {isa = PBXFileReference; fileEncoding = 4; lastKnownFileType = sourcecode.c.c; name = pngrutil.c; path = "emu-ex-plus-alpha/imagine/bundle/all/src/libpng/libpng-1.6.2/pngrutil.c"; sourceTree = SOURCE_ROOT; };
		CC157ADE179D1BC60068A54E /* pngset.c */ = {isa = PBXFileReference; fileEncoding = 4; lastKnownFileType = sourcecode.c.c; name = pngset.c; path = "emu-ex-plus-alpha/imagine/bundle/all/src/libpng/libpng-1.6.2/pngset.c"; sourceTree = SOURCE_ROOT; };
		CC157ADF179D1BC60068A54E /* pngtrans.c */ = {isa = PBXFileReference; fileEncoding = 4; lastKnownFileType = sourcecode.c.c; name = pngtrans.c; path = "emu-ex-plus-alpha/imagine/bundle/all/src/libpng/libpng-1.6.2/pngtrans.c"; sourceTree = SOURCE_ROOT; };
		CC157AE0179D1BC60068A54E /* pngwio.c */ = {isa = PBXFileReference; fileEncoding = 4; lastKnownFileType = sourcecode.c.c; name = pngwio.c; path = "emu-ex-plus-alpha/imagine/bundle/all/src/libpng/libpng-1.6.2/pngwio.c"; sourceTree = SOURCE_ROOT; };
		CC157AE1179D1BC60068A54E /* pngwrite.c */ = {isa = PBXFileReference; fileEncoding = 4; lastKnownFileType = sourcecode.c.c; name = pngwrite.c; path = "emu-ex-plus-alpha/imagine/bundle/all/src/libpng/libpng-1.6.2/pngwrite.c"; sourceTree = SOURCE_ROOT; };
		CC157AE2179D1BC60068A54E /* pngwtran.c */ = {isa = PBXFileReference; fileEncoding = 4; lastKnownFileType = sourcecode.c.c; name = pngwtran.c; path = "emu-ex-plus-alpha/imagine/bundle/all/src/libpng/libpng-1.6.2/pngwtran.c"; sourceTree = SOURCE_ROOT; };
		CC157AE3179D1BC60068A54E /* pngwutil.c */ = {isa = PBXFileReference; fileEncoding = 4; lastKnownFileType = sourcecode.c.c; name = pngwutil.c; path = "emu-ex-plus-alpha/imagine/bundle/all/src/libpng/libpng-1.6.2/pngwutil.c"; sourceTree = SOURCE_ROOT; };
		CC2D56FC1798F2EC00C616EB /* GBA4iOS.app */ = {isa = PBXFileReference; explicitFileType = wrapper.application; includeInIndex = 0; path = GBA4iOS.app; sourceTree = BUILT_PRODUCTS_DIR; };
		CC2D56FF1798F2EC00C616EB /* Foundation.framework */ = {isa = PBXFileReference; lastKnownFileType = wrapper.framework; name = Foundation.framework; path = System/Library/Frameworks/Foundation.framework; sourceTree = SDKROOT; };
		CC2D57011798F2EC00C616EB /* CoreGraphics.framework */ = {isa = PBXFileReference; lastKnownFileType = wrapper.framework; name = CoreGraphics.framework; path = System/Library/Frameworks/CoreGraphics.framework; sourceTree = SDKROOT; };
		CC2D57031798F2EC00C616EB /* UIKit.framework */ = {isa = PBXFileReference; lastKnownFileType = wrapper.framework; name = UIKit.framework; path = System/Library/Frameworks/UIKit.framework; sourceTree = SDKROOT; };
		CC2D57071798F2EC00C616EB /* GBA4iOS-Info.plist */ = {isa = PBXFileReference; lastKnownFileType = text.plist.xml; path = "GBA4iOS-Info.plist"; sourceTree = "<group>"; };
		CC2D57091798F2EC00C616EB /* en */ = {isa = PBXFileReference; lastKnownFileType = text.plist.strings; name = en; path = en.lproj/InfoPlist.strings; sourceTree = "<group>"; };
		CC2D570B1798F2EC00C616EB /* main.m */ = {isa = PBXFileReference; lastKnownFileType = sourcecode.c.objc; path = main.m; sourceTree = "<group>"; };
		CC2D570D1798F2EC00C616EB /* GBA4iOS-Prefix.pch */ = {isa = PBXFileReference; lastKnownFileType = sourcecode.c.h; path = "GBA4iOS-Prefix.pch"; sourceTree = "<group>"; };
		CC2D570E1798F2EC00C616EB /* GBAAppDelegate.h */ = {isa = PBXFileReference; lastKnownFileType = sourcecode.c.h; path = GBAAppDelegate.h; sourceTree = "<group>"; };
		CC2D570F1798F2EC00C616EB /* GBAAppDelegate.m */ = {isa = PBXFileReference; lastKnownFileType = sourcecode.c.objc; path = GBAAppDelegate.m; sourceTree = "<group>"; };
		CC2D57121798F2EC00C616EB /* Base */ = {isa = PBXFileReference; lastKnownFileType = file.storyboard; name = Base; path = Base.lproj/Main_iPhone.storyboard; sourceTree = "<group>"; };
		CC2D57151798F2EC00C616EB /* Base */ = {isa = PBXFileReference; lastKnownFileType = file.storyboard; name = Base; path = Base.lproj/Main_iPad.storyboard; sourceTree = "<group>"; };
		CC2D571A1798F2EC00C616EB /* Images.xcassets */ = {isa = PBXFileReference; lastKnownFileType = folder.assetcatalog; path = Images.xcassets; sourceTree = "<group>"; };
		CC2D57201798F2ED00C616EB /* GBA4iOSTests.xctest */ = {isa = PBXFileReference; explicitFileType = wrapper.cfbundle; includeInIndex = 0; path = GBA4iOSTests.xctest; sourceTree = BUILT_PRODUCTS_DIR; };
		CC2D57211798F2ED00C616EB /* XCTest.framework */ = {isa = PBXFileReference; lastKnownFileType = wrapper.framework; name = XCTest.framework; path = Library/Frameworks/XCTest.framework; sourceTree = DEVELOPER_DIR; };
		CC2D57291798F2ED00C616EB /* GBA4iOSTests-Info.plist */ = {isa = PBXFileReference; lastKnownFileType = text.plist.xml; path = "GBA4iOSTests-Info.plist"; sourceTree = "<group>"; };
		CC2D572B1798F2ED00C616EB /* en */ = {isa = PBXFileReference; lastKnownFileType = text.plist.strings; name = en; path = en.lproj/InfoPlist.strings; sourceTree = "<group>"; };
		CC2D572D1798F2ED00C616EB /* GBA4iOSTests.m */ = {isa = PBXFileReference; lastKnownFileType = sourcecode.c.objc; path = GBA4iOSTests.m; sourceTree = "<group>"; };
		CC2D573F1798F44700C616EB /* GBAROMTableViewController.h */ = {isa = PBXFileReference; fileEncoding = 4; lastKnownFileType = sourcecode.c.h; path = GBAROMTableViewController.h; sourceTree = "<group>"; };
		CC2D57401798F44700C616EB /* GBAROMTableViewController.m */ = {isa = PBXFileReference; fileEncoding = 4; lastKnownFileType = sourcecode.c.objc; path = GBAROMTableViewController.m; sourceTree = "<group>"; };
		CC8BB0B11799A4D900F9864F /* GBAEmulationViewController.h */ = {isa = PBXFileReference; fileEncoding = 4; lastKnownFileType = sourcecode.c.h; path = GBAEmulationViewController.h; sourceTree = "<group>"; };
		CC8BB0B21799A4D900F9864F /* GBAEmulationViewController.m */ = {isa = PBXFileReference; fileEncoding = 4; lastKnownFileType = sourcecode.c.objc; path = GBAEmulationViewController.m; sourceTree = "<group>"; };
		DC7FC68338514E99889F3D95 /* libPods.a */ = {isa = PBXFileReference; explicitFileType = archive.ar; includeInIndex = 0; path = libPods.a; sourceTree = BUILT_PRODUCTS_DIR; };
		E497718ED60948D8A50CF8AA /* Pods.xcconfig */ = {isa = PBXFileReference; includeInIndex = 1; lastKnownFileType = text.xcconfig; name = Pods.xcconfig; path = Pods/Pods.xcconfig; sourceTree = SOURCE_ROOT; };
/* End PBXFileReference section */

/* Begin PBXFrameworksBuildPhase section */
		CC2D56F91798F2EC00C616EB /* Frameworks */ = {
			isa = PBXFrameworksBuildPhase;
			buildActionMask = 2147483647;
			files = (
				CC1577D8179CF1F80068A54E /* libz.dylib in Frameworks */,
				CC1577D2179CF1B90068A54E /* AudioToolbox.framework in Frameworks */,
				CC1577D3179CF1B90068A54E /* CoreAudio.framework in Frameworks */,
				CC1577D4179CF1B90068A54E /* CoreFoundation.framework in Frameworks */,
				CC1577D5179CF1B90068A54E /* MessageUI.framework in Frameworks */,
				CC1577D6179CF1B90068A54E /* QuartzCore.framework in Frameworks */,
				CC2D57021798F2EC00C616EB /* CoreGraphics.framework in Frameworks */,
				CC2D57041798F2EC00C616EB /* UIKit.framework in Frameworks */,
				CC2D57001798F2EC00C616EB /* Foundation.framework in Frameworks */,
				581D3893B2BF44B9AE8320E5 /* libPods.a in Frameworks */,
			);
			runOnlyForDeploymentPostprocessing = 0;
		};
		CC2D571D1798F2ED00C616EB /* Frameworks */ = {
			isa = PBXFrameworksBuildPhase;
			buildActionMask = 2147483647;
			files = (
				CC2D57221798F2ED00C616EB /* XCTest.framework in Frameworks */,
				CC2D57241798F2ED00C616EB /* UIKit.framework in Frameworks */,
				CC2D57231798F2ED00C616EB /* Foundation.framework in Frameworks */,
			);
			runOnlyForDeploymentPostprocessing = 0;
		};
/* End PBXFrameworksBuildPhase section */

/* Begin PBXGroup section */
		CC1578A6179D051E0068A54E /* Emulator Code */ = {
			isa = PBXGroup;
			children = (
				CC157AB3179D19EB0068A54E /* GBA */,
			);
			name = "Emulator Code";
			sourceTree = "<group>";
		};
		CC157AB3179D19EB0068A54E /* GBA */ = {
			isa = PBXGroup;
			children = (
				CC157AB4179D1B270068A54E /* libpng */,
			);
			name = GBA;
			sourceTree = "<group>";
		};
		CC157AB4179D1B270068A54E /* libpng */ = {
			isa = PBXGroup;
			children = (
				CC157AD4179D1BC60068A54E /* png.c */,
				CC157AD5179D1BC60068A54E /* png.h */,
				CC157AD6179D1BC60068A54E /* pngerror.c */,
				CC157AD7179D1BC60068A54E /* pngget.c */,
				CC157AD8179D1BC60068A54E /* pngmem.c */,
				CC157AD9179D1BC60068A54E /* pngpread.c */,
				CC157ADA179D1BC60068A54E /* pngread.c */,
				CC157ADB179D1BC60068A54E /* pngrio.c */,
				CC157ADC179D1BC60068A54E /* pngrtran.c */,
				CC157ADD179D1BC60068A54E /* pngrutil.c */,
				CC157ADE179D1BC60068A54E /* pngset.c */,
				CC157ADF179D1BC60068A54E /* pngtrans.c */,
				CC157AE0179D1BC60068A54E /* pngwio.c */,
				CC157AE1179D1BC60068A54E /* pngwrite.c */,
				CC157AE2179D1BC60068A54E /* pngwtran.c */,
				CC157AE3179D1BC60068A54E /* pngwutil.c */,
			);
			name = libpng;
			sourceTree = "<group>";
		};
		CC2D56F31798F2EC00C616EB = {
			isa = PBXGroup;
			children = (
				CC2D57051798F2EC00C616EB /* GBA4iOS */,
				CC2D57381798F40E00C616EB /* Resources */,
				CC2D57271798F2ED00C616EB /* GBA4iOSTests */,
				CC2D56FE1798F2EC00C616EB /* Frameworks */,
				CC2D56FD1798F2EC00C616EB /* Products */,
				E497718ED60948D8A50CF8AA /* Pods.xcconfig */,
			);
			sourceTree = "<group>";
		};
		CC2D56FD1798F2EC00C616EB /* Products */ = {
			isa = PBXGroup;
			children = (
				CC2D56FC1798F2EC00C616EB /* GBA4iOS.app */,
				CC2D57201798F2ED00C616EB /* GBA4iOSTests.xctest */,
			);
			name = Products;
			sourceTree = "<group>";
		};
		CC2D56FE1798F2EC00C616EB /* Frameworks */ = {
			isa = PBXGroup;
			children = (
				CC1577D7179CF1F80068A54E /* libz.dylib */,
				CC1577CD179CF1B90068A54E /* AudioToolbox.framework */,
				CC1577CE179CF1B90068A54E /* CoreAudio.framework */,
				CC1577CF179CF1B90068A54E /* CoreFoundation.framework */,
				CC1577D0179CF1B90068A54E /* MessageUI.framework */,
				CC1577D1179CF1B90068A54E /* QuartzCore.framework */,
				CC1577CA179CF1850068A54E /* libGBAEmulator.a */,
				CC2D56FF1798F2EC00C616EB /* Foundation.framework */,
				CC2D57011798F2EC00C616EB /* CoreGraphics.framework */,
				CC2D57031798F2EC00C616EB /* UIKit.framework */,
				CC2D57211798F2ED00C616EB /* XCTest.framework */,
				DC7FC68338514E99889F3D95 /* libPods.a */,
			);
			name = Frameworks;
			sourceTree = "<group>";
		};
		CC2D57051798F2EC00C616EB /* GBA4iOS */ = {
			isa = PBXGroup;
			children = (
				CC2D570E1798F2EC00C616EB /* GBAAppDelegate.h */,
				CC2D570F1798F2EC00C616EB /* GBAAppDelegate.m */,
				CC2D573F1798F44700C616EB /* GBAROMTableViewController.h */,
				CC2D57401798F44700C616EB /* GBAROMTableViewController.m */,
				CC8BB0611799A21000F9864F /* Emulation View Controller */,
				CC1578A6179D051E0068A54E /* Emulator Code */,
				CC2D57111798F2EC00C616EB /* Main_iPhone.storyboard */,
				CC2D57141798F2EC00C616EB /* Main_iPad.storyboard */,
				CC2D57061798F2EC00C616EB /* Supporting Files */,
			);
			path = GBA4iOS;
			sourceTree = "<group>";
		};
		CC2D57061798F2EC00C616EB /* Supporting Files */ = {
			isa = PBXGroup;
			children = (
				CC2D57071798F2EC00C616EB /* GBA4iOS-Info.plist */,
				CC2D57081798F2EC00C616EB /* InfoPlist.strings */,
				CC2D570B1798F2EC00C616EB /* main.m */,
				CC2D570D1798F2EC00C616EB /* GBA4iOS-Prefix.pch */,
			);
			name = "Supporting Files";
			sourceTree = "<group>";
		};
		CC2D57271798F2ED00C616EB /* GBA4iOSTests */ = {
			isa = PBXGroup;
			children = (
				CC2D572D1798F2ED00C616EB /* GBA4iOSTests.m */,
				CC2D57281798F2ED00C616EB /* Supporting Files */,
			);
			path = GBA4iOSTests;
			sourceTree = "<group>";
		};
		CC2D57281798F2ED00C616EB /* Supporting Files */ = {
			isa = PBXGroup;
			children = (
				CC2D57291798F2ED00C616EB /* GBA4iOSTests-Info.plist */,
				CC2D572A1798F2ED00C616EB /* InfoPlist.strings */,
			);
			name = "Supporting Files";
			sourceTree = "<group>";
		};
		CC2D57381798F40E00C616EB /* Resources */ = {
			isa = PBXGroup;
			children = (
				CC2D571A1798F2EC00C616EB /* Images.xcassets */,
			);
			name = Resources;
			path = GBA4iOS;
			sourceTree = "<group>";
		};
		CC8BB0611799A21000F9864F /* Emulation View Controller */ = {
			isa = PBXGroup;
			children = (
				CC8BB0B11799A4D900F9864F /* GBAEmulationViewController.h */,
				CC8BB0B21799A4D900F9864F /* GBAEmulationViewController.m */,
			);
			name = "Emulation View Controller";
			sourceTree = "<group>";
		};
/* End PBXGroup section */

/* Begin PBXNativeTarget section */
		CC2D56FB1798F2EC00C616EB /* GBA4iOS */ = {
			isa = PBXNativeTarget;
			buildConfigurationList = CC2D57311798F2ED00C616EB /* Build configuration list for PBXNativeTarget "GBA4iOS" */;
			buildPhases = (
				8425BE13A2E54429AF8E3815 /* Check Pods Manifest.lock */,
				CC2D56F81798F2EC00C616EB /* Sources */,
				CC2D56F91798F2EC00C616EB /* Frameworks */,
				CC2D56FA1798F2EC00C616EB /* Resources */,
				FE023BCB446F47D5895A54D5 /* Copy Pods Resources */,
			);
			buildRules = (
			);
			dependencies = (
			);
			name = GBA4iOS;
			productName = GBA4iOS;
			productReference = CC2D56FC1798F2EC00C616EB /* GBA4iOS.app */;
			productType = "com.apple.product-type.application";
		};
		CC2D571F1798F2ED00C616EB /* GBA4iOSTests */ = {
			isa = PBXNativeTarget;
			buildConfigurationList = CC2D57341798F2ED00C616EB /* Build configuration list for PBXNativeTarget "GBA4iOSTests" */;
			buildPhases = (
				CC2D571C1798F2ED00C616EB /* Sources */,
				CC2D571D1798F2ED00C616EB /* Frameworks */,
				CC2D571E1798F2ED00C616EB /* Resources */,
			);
			buildRules = (
			);
			dependencies = (
				CC2D57261798F2ED00C616EB /* PBXTargetDependency */,
			);
			name = GBA4iOSTests;
			productName = GBA4iOSTests;
			productReference = CC2D57201798F2ED00C616EB /* GBA4iOSTests.xctest */;
			productType = "com.apple.product-type.bundle.unit-test";
		};
/* End PBXNativeTarget section */

/* Begin PBXProject section */
		CC2D56F41798F2EC00C616EB /* Project object */ = {
			isa = PBXProject;
			attributes = {
				CLASSPREFIX = GBA;
				LastUpgradeCheck = 0500;
				ORGANIZATIONNAME = "Riley Testut";
				TargetAttributes = {
					CC2D56FB1798F2EC00C616EB = {
						DevelopmentTeam = 6XVY5G3U44;
					};
					CC2D571F1798F2ED00C616EB = {
						TestTargetID = CC2D56FB1798F2EC00C616EB;
					};
				};
			};
			buildConfigurationList = CC2D56F71798F2EC00C616EB /* Build configuration list for PBXProject "GBA4iOS" */;
			compatibilityVersion = "Xcode 3.2";
			developmentRegion = English;
			hasScannedForEncodings = 0;
			knownRegions = (
				en,
				Base,
			);
			mainGroup = CC2D56F31798F2EC00C616EB;
			productRefGroup = CC2D56FD1798F2EC00C616EB /* Products */;
			projectDirPath = "";
			projectRoot = "";
			targets = (
				CC2D56FB1798F2EC00C616EB /* GBA4iOS */,
				CC2D571F1798F2ED00C616EB /* GBA4iOSTests */,
			);
		};
/* End PBXProject section */

/* Begin PBXResourcesBuildPhase section */
		CC2D56FA1798F2EC00C616EB /* Resources */ = {
			isa = PBXResourcesBuildPhase;
			buildActionMask = 2147483647;
			files = (
				CC2D571B1798F2EC00C616EB /* Images.xcassets in Resources */,
				CC9B5987179906E700DD9067 /* Main_iPad.storyboard in Resources */,
				CC2D570A1798F2EC00C616EB /* InfoPlist.strings in Resources */,
				CC9B5986179906E700DD9067 /* Main_iPhone.storyboard in Resources */,
			);
			runOnlyForDeploymentPostprocessing = 0;
		};
		CC2D571E1798F2ED00C616EB /* Resources */ = {
			isa = PBXResourcesBuildPhase;
			buildActionMask = 2147483647;
			files = (
				CC2D572C1798F2ED00C616EB /* InfoPlist.strings in Resources */,
			);
			runOnlyForDeploymentPostprocessing = 0;
		};
/* End PBXResourcesBuildPhase section */

/* Begin PBXShellScriptBuildPhase section */
		8425BE13A2E54429AF8E3815 /* Check Pods Manifest.lock */ = {
			isa = PBXShellScriptBuildPhase;
			buildActionMask = 2147483647;
			files = (
			);
			inputPaths = (
			);
			name = "Check Pods Manifest.lock";
			outputPaths = (
			);
			runOnlyForDeploymentPostprocessing = 0;
			shellPath = /bin/sh;
			shellScript = "diff \"${PODS_ROOT}/../Podfile.lock\" \"${PODS_ROOT}/Manifest.lock\" > /dev/null\nif [[ $? != 0 ]] ; then\n    cat << EOM\nerror: The sandbox is not in sync with the Podfile.lock. Run 'pod install' or update your CocoaPods installation.\nEOM\n    exit 1\nfi\n";
		};
		FE023BCB446F47D5895A54D5 /* Copy Pods Resources */ = {
			isa = PBXShellScriptBuildPhase;
			buildActionMask = 2147483647;
			files = (
			);
			inputPaths = (
			);
			name = "Copy Pods Resources";
			outputPaths = (
			);
			runOnlyForDeploymentPostprocessing = 0;
			shellPath = /bin/sh;
			shellScript = "\"${SRCROOT}/Pods/Pods-resources.sh\"\n";
		};
/* End PBXShellScriptBuildPhase section */

/* Begin PBXSourcesBuildPhase section */
		CC2D56F81798F2EC00C616EB /* Sources */ = {
			isa = PBXSourcesBuildPhase;
			buildActionMask = 2147483647;
			files = (
				CC157AF2179D1BC60068A54E /* pngwutil.c in Sources */,
				CC157AED179D1BC60068A54E /* pngset.c in Sources */,
				CC157AE5179D1BC60068A54E /* pngerror.c in Sources */,
				CC157AE9179D1BC60068A54E /* pngread.c in Sources */,
				CC157AF0179D1BC60068A54E /* pngwrite.c in Sources */,
				CC157AF1179D1BC60068A54E /* pngwtran.c in Sources */,
				CC157AEE179D1BC60068A54E /* pngtrans.c in Sources */,
				CC157AE6179D1BC60068A54E /* pngget.c in Sources */,
				CC157AEC179D1BC60068A54E /* pngrutil.c in Sources */,
				CC157AE4179D1BC60068A54E /* png.c in Sources */,
				CC2D570C1798F2EC00C616EB /* main.m in Sources */,
				CC157AE8179D1BC60068A54E /* pngpread.c in Sources */,
				CC157AEA179D1BC60068A54E /* pngrio.c in Sources */,
				CC157AEB179D1BC60068A54E /* pngrtran.c in Sources */,
				CC2D57101798F2EC00C616EB /* GBAAppDelegate.m in Sources */,
				CC157AE7179D1BC60068A54E /* pngmem.c in Sources */,
				CC157AEF179D1BC60068A54E /* pngwio.c in Sources */,
				CC8BB0B31799A4D900F9864F /* GBAEmulationViewController.m in Sources */,
				CC2D57411798F44700C616EB /* GBAROMTableViewController.m in Sources */,
			);
			runOnlyForDeploymentPostprocessing = 0;
		};
		CC2D571C1798F2ED00C616EB /* Sources */ = {
			isa = PBXSourcesBuildPhase;
			buildActionMask = 2147483647;
			files = (
				CC2D572E1798F2ED00C616EB /* GBA4iOSTests.m in Sources */,
			);
			runOnlyForDeploymentPostprocessing = 0;
		};
/* End PBXSourcesBuildPhase section */

/* Begin PBXTargetDependency section */
		CC2D57261798F2ED00C616EB /* PBXTargetDependency */ = {
			isa = PBXTargetDependency;
			target = CC2D56FB1798F2EC00C616EB /* GBA4iOS */;
			targetProxy = CC2D57251798F2ED00C616EB /* PBXContainerItemProxy */;
		};
/* End PBXTargetDependency section */

/* Begin PBXVariantGroup section */
		CC2D57081798F2EC00C616EB /* InfoPlist.strings */ = {
			isa = PBXVariantGroup;
			children = (
				CC2D57091798F2EC00C616EB /* en */,
			);
			name = InfoPlist.strings;
			sourceTree = "<group>";
		};
		CC2D57111798F2EC00C616EB /* Main_iPhone.storyboard */ = {
			isa = PBXVariantGroup;
			children = (
				CC2D57121798F2EC00C616EB /* Base */,
			);
			name = Main_iPhone.storyboard;
			sourceTree = "<group>";
		};
		CC2D57141798F2EC00C616EB /* Main_iPad.storyboard */ = {
			isa = PBXVariantGroup;
			children = (
				CC2D57151798F2EC00C616EB /* Base */,
			);
			name = Main_iPad.storyboard;
			sourceTree = "<group>";
		};
		CC2D572A1798F2ED00C616EB /* InfoPlist.strings */ = {
			isa = PBXVariantGroup;
			children = (
				CC2D572B1798F2ED00C616EB /* en */,
			);
			name = InfoPlist.strings;
			sourceTree = "<group>";
		};
/* End PBXVariantGroup section */

/* Begin XCBuildConfiguration section */
		CC2D572F1798F2ED00C616EB /* Debug */ = {
			isa = XCBuildConfiguration;
			buildSettings = {
				ALWAYS_SEARCH_USER_PATHS = NO;
				CLANG_CXX_LANGUAGE_STANDARD = "gnu++0x";
				CLANG_CXX_LIBRARY = "libstdc++";
				CLANG_ENABLE_MODULES = YES;
				CLANG_ENABLE_OBJC_ARC = YES;
				CLANG_WARN_BOOL_CONVERSION = YES;
				CLANG_WARN_CONSTANT_CONVERSION = YES;
				CLANG_WARN_DIRECT_OBJC_ISA_USAGE = YES_ERROR;
				CLANG_WARN_EMPTY_BODY = YES;
				CLANG_WARN_ENUM_CONVERSION = YES;
				CLANG_WARN_INT_CONVERSION = YES;
				CLANG_WARN_OBJC_ROOT_CLASS = YES_ERROR;
				CLANG_WARN__DUPLICATE_METHOD_MATCH = YES;
				CODE_SIGN_IDENTITY = "iPhone Developer: Yvette Testut (B5VNWGK3MY)";
				"CODE_SIGN_IDENTITY[sdk=iphoneos*]" = "";
				COPY_PHASE_STRIP = NO;
				GCC_C_LANGUAGE_STANDARD = gnu99;
				GCC_DYNAMIC_NO_PIC = NO;
				GCC_OPTIMIZATION_LEVEL = 0;
				GCC_PREPROCESSOR_DEFINITIONS = (
					"DEBUG=1",
					"$(inherited)",
				);
				GCC_SYMBOLS_PRIVATE_EXTERN = NO;
				GCC_WARN_ABOUT_RETURN_TYPE = YES_ERROR;
				GCC_WARN_UNDECLARED_SELECTOR = YES;
				GCC_WARN_UNINITIALIZED_AUTOS = YES;
				GCC_WARN_UNUSED_FUNCTION = YES;
				GCC_WARN_UNUSED_VARIABLE = YES;
				IPHONEOS_DEPLOYMENT_TARGET = 6.0;
				ONLY_ACTIVE_ARCH = YES;
				OTHER_CFLAGS = (
					"-l\"$(SRCROOT)/emu-ex-plus-alpha/imagine/bundle/darwin-iOS/include\"",
					"-l\"$(SRCROOT)/emu-ex-plus-alpha/imagine/bundle/darwin-iOS/armv7/include\"",
					"-l\"$(SRCROOT)/emu-ex-plus-alpha/imagine/build/ios-armv7/gen\"",
					"-Isrc",
					"-I/usr/lib/c++/v1",
					"-Woverloaded-virtual",
					"-fno-rtti",
					"-fno-exceptions",
					"-fno-threadsafe-statics",
					"-pipe",
					"-fvisibility=hidden",
					"-O2",
					"-ffast-math",
					"-fmerge-all-constants",
					"-g",
					"-Wall",
					"-Wextra",
					"-Wno-comment",
					"-Wno-missing-field-initializers",
					"-Wno-unused",
					"-Wno-unused-parameter",
					"-Wno-attributes",
					"-l\"$(SRCROOT)/emu-ex-plus-alpha/imagine/bundle/darwin-iOS/include\"",
					"-l\"$(SRCROOT)/emu-ex-plus-alpha/imagine/bundle/darwin-iOS/armv7/include\"",
					"-l\"$(SRCROOT)/emu-ex-plus-alpha/GBA.emu/build/ios-jb-armv7/gen\"",
					"-Isrc",
					"-l\"$(SRCROOT)/emu-ex-plus-alpha/imagine/src\"",
					"-DHAVE_ZLIB_H",
					"-DFINAL_VERSION",
					"-DC_CORE",
					"-DNO_PNG",
					"-DNO_LINK",
					"-DNO_DEBUGGER",
					"-DBLIP_BUFFER_FAST=1",
					"-DSysDecimal=float",
					"-Isrc/vbam",
					"-l\"$(SRCROOT)/emu-ex-plus-alpha/imagine/build/ios-armv7/gen\"",
					"-I../EmuFramework/include",
					"-I/usr/lib/c++/v1",
					"-Woverloaded-virtual",
					"-fno-rtti",
					"-fno-exceptions",
					"-fno-threadsafe-statics",
					"-pipe",
					"-fvisibility=hidden",
					"-O2",
					"-ffast-math",
					"-fmerge-all-constants",
					"-g",
					"-Wall",
					"-Wextra",
					"-Wno-comment",
					"-Wno-missing-field-initializers",
					"-Wno-unused",
					"-Wno-unused-parameter",
					"-Wno-attributes",
				);
				PROVISIONING_PROFILE = "03AA276F-D9E3-48ED-BD17-14EFDE025E2E";
				SDKROOT = iphoneos;
				TARGETED_DEVICE_FAMILY = "1,2";
			};
			name = Debug;
		};
		CC2D57301798F2ED00C616EB /* Release */ = {
			isa = XCBuildConfiguration;
			buildSettings = {
				ALWAYS_SEARCH_USER_PATHS = NO;
				CLANG_CXX_LANGUAGE_STANDARD = "gnu++0x";
				CLANG_CXX_LIBRARY = "libstdc++";
				CLANG_ENABLE_MODULES = YES;
				CLANG_ENABLE_OBJC_ARC = YES;
				CLANG_WARN_BOOL_CONVERSION = YES;
				CLANG_WARN_CONSTANT_CONVERSION = YES;
				CLANG_WARN_DIRECT_OBJC_ISA_USAGE = YES_ERROR;
				CLANG_WARN_EMPTY_BODY = YES;
				CLANG_WARN_ENUM_CONVERSION = YES;
				CLANG_WARN_INT_CONVERSION = YES;
				CLANG_WARN_OBJC_ROOT_CLASS = YES_ERROR;
				CLANG_WARN__DUPLICATE_METHOD_MATCH = YES;
				CODE_SIGN_IDENTITY = "iPhone Developer: Yvette Testut (B5VNWGK3MY)";
				"CODE_SIGN_IDENTITY[sdk=iphoneos*]" = "";
				COPY_PHASE_STRIP = YES;
				ENABLE_NS_ASSERTIONS = NO;
				GCC_C_LANGUAGE_STANDARD = gnu99;
				GCC_WARN_ABOUT_RETURN_TYPE = YES_ERROR;
				GCC_WARN_UNDECLARED_SELECTOR = YES;
				GCC_WARN_UNINITIALIZED_AUTOS = YES;
				GCC_WARN_UNUSED_FUNCTION = YES;
				GCC_WARN_UNUSED_VARIABLE = YES;
				IPHONEOS_DEPLOYMENT_TARGET = 6.0;
				OTHER_CFLAGS = (
					"-l\"$(SRCROOT)/emu-ex-plus-alpha/imagine/bundle/darwin-iOS/include\"",
					"-l\"$(SRCROOT)/emu-ex-plus-alpha/imagine/bundle/darwin-iOS/armv7/include\"",
					"-l\"$(SRCROOT)/emu-ex-plus-alpha/imagine/build/ios-armv7/gen\"",
					"-Isrc",
					"-I/usr/lib/c++/v1",
					"-Woverloaded-virtual",
					"-fno-rtti",
					"-fno-exceptions",
					"-fno-threadsafe-statics",
					"-pipe",
					"-fvisibility=hidden",
					"-O2",
					"-ffast-math",
					"-fmerge-all-constants",
					"-g",
					"-Wall",
					"-Wextra",
					"-Wno-comment",
					"-Wno-missing-field-initializers",
					"-Wno-unused",
					"-Wno-unused-parameter",
					"-Wno-attributes",
					"-l\"$(SRCROOT)/emu-ex-plus-alpha/imagine/bundle/darwin-iOS/include\"",
					"-l\"$(SRCROOT)/emu-ex-plus-alpha/imagine/bundle/darwin-iOS/armv7/include\"",
					"-l\"$(SRCROOT)/emu-ex-plus-alpha/GBA.emu/build/ios-jb-armv7/gen\"",
					"-Isrc",
					"-l\"$(SRCROOT)/emu-ex-plus-alpha/imagine/src\"",
					"-DHAVE_ZLIB_H",
					"-DFINAL_VERSION",
					"-DC_CORE",
					"-DNO_PNG",
					"-DNO_LINK",
					"-DNO_DEBUGGER",
					"-DBLIP_BUFFER_FAST=1",
					"-DSysDecimal=float",
					"-Isrc/vbam",
					"-l\"$(SRCROOT)/emu-ex-plus-alpha/imagine/build/ios-armv7/gen\"",
					"-I../EmuFramework/include",
					"-I/usr/lib/c++/v1",
					"-Woverloaded-virtual",
					"-fno-rtti",
					"-fno-exceptions",
					"-fno-threadsafe-statics",
					"-pipe",
					"-fvisibility=hidden",
					"-O2",
					"-ffast-math",
					"-fmerge-all-constants",
					"-g",
					"-Wall",
					"-Wextra",
					"-Wno-comment",
					"-Wno-missing-field-initializers",
					"-Wno-unused",
					"-Wno-unused-parameter",
					"-Wno-attributes",
				);
				PROVISIONING_PROFILE = "03AA276F-D9E3-48ED-BD17-14EFDE025E2E";
				SDKROOT = iphoneos;
				TARGETED_DEVICE_FAMILY = "1,2";
				VALIDATE_PRODUCT = YES;
			};
			name = Release;
		};
		CC2D57321798F2ED00C616EB /* Debug */ = {
			isa = XCBuildConfiguration;
			baseConfigurationReference = E497718ED60948D8A50CF8AA /* Pods.xcconfig */;
			buildSettings = {
				ASSETCATALOG_COMPILER_APPICON_NAME = AppIcon;
				ASSETCATALOG_COMPILER_LAUNCHIMAGE_NAME = LaunchImage;
				CODE_SIGN_IDENTITY = "iPhone Developer";
				FRAMEWORK_SEARCH_PATHS = (
					"$(inherited)",
					"$(SYSTEM_APPS_DIR)/Xcode5-DP3.app/Contents/Developer/Library/Frameworks",
				);
				GCC_PRECOMPILE_PREFIX_HEADER = YES;
				GCC_PREFIX_HEADER = "GBA4iOS/GBA4iOS-Prefix.pch";
				HEADER_SEARCH_PATHS = (
					"\"${PODS_ROOT}/Headers\"",
					"\"${PODS_ROOT}/Headers/NJKWebViewProgress\"",
					"\"${PODS_ROOT}/Headers/RSTAlertView\"",
					"\"${PODS_ROOT}/Headers/RSTFileBrowserViewController\"",
					"\"${PODS_ROOT}/Headers/RSTWebViewController\"",
					"\"$(SRCROOT)/emu-ex-plus-alpha/imagine/bundle/all/src/btstack/\"",
					"\"$(SRCROOT)/emu-ex-plus-alpha/imagine/src\"",
					"\"$(SRCROOT)/emu-ex-plus-alpha/EmuFramework\"/**",
					"\"$(SRCROOT)/emu-ex-plus-alpha/GBA.emu\"/**",
				);
				INFOPLIST_FILE = "GBA4iOS/GBA4iOS-Info.plist";
				PRODUCT_NAME = "$(TARGET_NAME)";
				WRAPPER_EXTENSION = app;
			};
			name = Debug;
		};
		CC2D57331798F2ED00C616EB /* Release */ = {
			isa = XCBuildConfiguration;
			baseConfigurationReference = E497718ED60948D8A50CF8AA /* Pods.xcconfig */;
			buildSettings = {
				ASSETCATALOG_COMPILER_APPICON_NAME = AppIcon;
				ASSETCATALOG_COMPILER_LAUNCHIMAGE_NAME = LaunchImage;
				CODE_SIGN_IDENTITY = "iPhone Developer";
				FRAMEWORK_SEARCH_PATHS = (
					"$(inherited)",
					"$(SYSTEM_APPS_DIR)/Xcode5-DP3.app/Contents/Developer/Library/Frameworks",
				);
				GCC_PRECOMPILE_PREFIX_HEADER = YES;
				GCC_PREFIX_HEADER = "GBA4iOS/GBA4iOS-Prefix.pch";
				HEADER_SEARCH_PATHS = (
					"\"${PODS_ROOT}/Headers\"",
					"\"${PODS_ROOT}/Headers/NJKWebViewProgress\"",
					"\"${PODS_ROOT}/Headers/RSTAlertView\"",
					"\"${PODS_ROOT}/Headers/RSTFileBrowserViewController\"",
					"\"${PODS_ROOT}/Headers/RSTWebViewController\"",
					"\"$(SRCROOT)/emu-ex-plus-alpha/imagine/bundle/all/src/btstack/\"",
					"\"$(SRCROOT)/emu-ex-plus-alpha/imagine/src\"",
					"\"$(SRCROOT)/emu-ex-plus-alpha/EmuFramework\"/**",
					"\"$(SRCROOT)/emu-ex-plus-alpha/GBA.emu\"/**",
				);
				INFOPLIST_FILE = "GBA4iOS/GBA4iOS-Info.plist";
				PRODUCT_NAME = "$(TARGET_NAME)";
				WRAPPER_EXTENSION = app;
			};
			name = Release;
		};
		CC2D57351798F2ED00C616EB /* Debug */ = {
			isa = XCBuildConfiguration;
			buildSettings = {
				BUNDLE_LOADER = "$(BUILT_PRODUCTS_DIR)/GBA4iOS.app/GBA4iOS";
				FRAMEWORK_SEARCH_PATHS = (
					"$(SDKROOT)/Developer/Library/Frameworks",
					"$(inherited)",
					"$(SYSTEM_APPS_DIR)/Xcode5-DP3.app/Contents/Developer/Library/Frameworks",
				);
				GCC_PRECOMPILE_PREFIX_HEADER = YES;
				GCC_PREFIX_HEADER = "GBA4iOS/GBA4iOS-Prefix.pch";
				GCC_PREPROCESSOR_DEFINITIONS = (
					"DEBUG=1",
					"$(inherited)",
				);
				INFOPLIST_FILE = "GBA4iOSTests/GBA4iOSTests-Info.plist";
				PRODUCT_NAME = "$(TARGET_NAME)";
				TEST_HOST = "$(BUNDLE_LOADER)";
				WRAPPER_EXTENSION = xctest;
			};
			name = Debug;
		};
		CC2D57361798F2ED00C616EB /* Release */ = {
			isa = XCBuildConfiguration;
			buildSettings = {
				BUNDLE_LOADER = "$(BUILT_PRODUCTS_DIR)/GBA4iOS.app/GBA4iOS";
				FRAMEWORK_SEARCH_PATHS = (
					"$(SDKROOT)/Developer/Library/Frameworks",
					"$(inherited)",
					"$(SYSTEM_APPS_DIR)/Xcode5-DP3.app/Contents/Developer/Library/Frameworks",
				);
				GCC_PRECOMPILE_PREFIX_HEADER = YES;
				GCC_PREFIX_HEADER = "GBA4iOS/GBA4iOS-Prefix.pch";
				INFOPLIST_FILE = "GBA4iOSTests/GBA4iOSTests-Info.plist";
				PRODUCT_NAME = "$(TARGET_NAME)";
				TEST_HOST = "$(BUNDLE_LOADER)";
				WRAPPER_EXTENSION = xctest;
			};
			name = Release;
		};
/* End XCBuildConfiguration section */

/* Begin XCConfigurationList section */
		CC2D56F71798F2EC00C616EB /* Build configuration list for PBXProject "GBA4iOS" */ = {
			isa = XCConfigurationList;
			buildConfigurations = (
				CC2D572F1798F2ED00C616EB /* Debug */,
				CC2D57301798F2ED00C616EB /* Release */,
			);
			defaultConfigurationIsVisible = 0;
			defaultConfigurationName = Release;
		};
		CC2D57311798F2ED00C616EB /* Build configuration list for PBXNativeTarget "GBA4iOS" */ = {
			isa = XCConfigurationList;
			buildConfigurations = (
				CC2D57321798F2ED00C616EB /* Debug */,
				CC2D57331798F2ED00C616EB /* Release */,
			);
			defaultConfigurationIsVisible = 0;
			defaultConfigurationName = Release;
		};
		CC2D57341798F2ED00C616EB /* Build configuration list for PBXNativeTarget "GBA4iOSTests" */ = {
			isa = XCConfigurationList;
			buildConfigurations = (
				CC2D57351798F2ED00C616EB /* Debug */,
				CC2D57361798F2ED00C616EB /* Release */,
			);
			defaultConfigurationIsVisible = 0;
			defaultConfigurationName = Release;
		};
/* End XCConfigurationList section */
	};
	rootObject = CC2D56F41798F2EC00C616EB /* Project object */;
}
