// !$*UTF8*$!
{
	archiveVersion = 1;
	classes = {
	};
	objectVersion = 46;
	objects = {

/* Begin PBXBuildFile section */
		581D3893B2BF44B9AE8320E5 /* libPods.a in Frameworks */ = {isa = PBXBuildFile; fileRef = DC7FC68338514E99889F3D95 /* libPods.a */; };
		CC1577D2179CF1B90068A54E /* AudioToolbox.framework in Frameworks */ = {isa = PBXBuildFile; fileRef = CC1577CD179CF1B90068A54E /* AudioToolbox.framework */; };
		CC1577D3179CF1B90068A54E /* CoreAudio.framework in Frameworks */ = {isa = PBXBuildFile; fileRef = CC1577CE179CF1B90068A54E /* CoreAudio.framework */; };
		CC1577D4179CF1B90068A54E /* CoreFoundation.framework in Frameworks */ = {isa = PBXBuildFile; fileRef = CC1577CF179CF1B90068A54E /* CoreFoundation.framework */; };
		CC1577D5179CF1B90068A54E /* MessageUI.framework in Frameworks */ = {isa = PBXBuildFile; fileRef = CC1577D0179CF1B90068A54E /* MessageUI.framework */; };
		CC1577D6179CF1B90068A54E /* QuartzCore.framework in Frameworks */ = {isa = PBXBuildFile; fileRef = CC1577D1179CF1B90068A54E /* QuartzCore.framework */; };
		CC1577D8179CF1F80068A54E /* libz.dylib in Frameworks */ = {isa = PBXBuildFile; fileRef = CC1577D7179CF1F80068A54E /* libz.dylib */; };
		CC1578E2179D08020068A54E /* png.c in Sources */ = {isa = PBXBuildFile; fileRef = CC1578CC179D08020068A54E /* png.c */; };
		CC1578E3179D08020068A54E /* pngerror.c in Sources */ = {isa = PBXBuildFile; fileRef = CC1578D0179D08020068A54E /* pngerror.c */; };
		CC1578E4179D08020068A54E /* pngget.c in Sources */ = {isa = PBXBuildFile; fileRef = CC1578D1179D08020068A54E /* pngget.c */; };
		CC1578E5179D08020068A54E /* pngmem.c in Sources */ = {isa = PBXBuildFile; fileRef = CC1578D4179D08020068A54E /* pngmem.c */; };
		CC1578E6179D08020068A54E /* pngpread.c in Sources */ = {isa = PBXBuildFile; fileRef = CC1578D5179D08020068A54E /* pngpread.c */; };
		CC1578E7179D08020068A54E /* pngread.c in Sources */ = {isa = PBXBuildFile; fileRef = CC1578D7179D08020068A54E /* pngread.c */; };
		CC1578E8179D08020068A54E /* pngrio.c in Sources */ = {isa = PBXBuildFile; fileRef = CC1578D8179D08020068A54E /* pngrio.c */; };
		CC1578E9179D08020068A54E /* pngrtran.c in Sources */ = {isa = PBXBuildFile; fileRef = CC1578D9179D08020068A54E /* pngrtran.c */; };
		CC1578EA179D08020068A54E /* pngrutil.c in Sources */ = {isa = PBXBuildFile; fileRef = CC1578DA179D08020068A54E /* pngrutil.c */; };
		CC1578EB179D08020068A54E /* pngset.c in Sources */ = {isa = PBXBuildFile; fileRef = CC1578DB179D08020068A54E /* pngset.c */; };
		CC1578EC179D08020068A54E /* pngtrans.c in Sources */ = {isa = PBXBuildFile; fileRef = CC1578DD179D08020068A54E /* pngtrans.c */; };
		CC1578ED179D08020068A54E /* pngwio.c in Sources */ = {isa = PBXBuildFile; fileRef = CC1578DE179D08020068A54E /* pngwio.c */; };
		CC1578EE179D08020068A54E /* pngwrite.c in Sources */ = {isa = PBXBuildFile; fileRef = CC1578DF179D08020068A54E /* pngwrite.c */; };
		CC1578EF179D08020068A54E /* pngwtran.c in Sources */ = {isa = PBXBuildFile; fileRef = CC1578E0179D08020068A54E /* pngwtran.c */; };
		CC1578F0179D08020068A54E /* pngwutil.c in Sources */ = {isa = PBXBuildFile; fileRef = CC1578E1179D08020068A54E /* pngwutil.c */; };
		CC157908179D08530068A54E /* ioapi.c in Sources */ = {isa = PBXBuildFile; fileRef = CC157900179D08530068A54E /* ioapi.c */; };
		CC157909179D08530068A54E /* mztools.c in Sources */ = {isa = PBXBuildFile; fileRef = CC157902179D08530068A54E /* mztools.c */; };
		CC15790A179D08530068A54E /* unzip.c in Sources */ = {isa = PBXBuildFile; fileRef = CC157904179D08530068A54E /* unzip.c */; };
		CC15790B179D08530068A54E /* zip.c in Sources */ = {isa = PBXBuildFile; fileRef = CC157906179D08530068A54E /* zip.c */; };
		CC1579EA179D11810068A54E /* AlertView.cc in Sources */ = {isa = PBXBuildFile; fileRef = CC1579A2179D11810068A54E /* AlertView.cc */; };
		CC1579EC179D11810068A54E /* coreaudio.cc in Sources */ = {isa = PBXBuildFile; fileRef = CC1579AA179D11810068A54E /* coreaudio.cc */; };
		CC1579ED179D11810068A54E /* FSPicker.cc in Sources */ = {isa = PBXBuildFile; fileRef = CC1579AF179D11810068A54E /* FSPicker.cc */; };
		CC1579EE179D11810068A54E /* FsPosix.cc in Sources */ = {isa = PBXBuildFile; fileRef = CC1579B1179D11810068A54E /* FsPosix.cc */; };
		CC1579EF179D11810068A54E /* GuiTable1D.cc in Sources */ = {isa = PBXBuildFile; fileRef = CC1579BD179D11810068A54E /* GuiTable1D.cc */; };
		CC1579F0179D11810068A54E /* Io.cc in Sources */ = {isa = PBXBuildFile; fileRef = CC1579BF179D11810068A54E /* Io.cc */; };
		CC1579F1179D11810068A54E /* IoFd.cc in Sources */ = {isa = PBXBuildFile; fileRef = CC1579C1179D11810068A54E /* IoFd.cc */; };
		CC1579F2179D11810068A54E /* IoMmap.cc in Sources */ = {isa = PBXBuildFile; fileRef = CC1579C3179D11810068A54E /* IoMmap.cc */; };
		CC1579F3179D11810068A54E /* IoMmapFd.cc in Sources */ = {isa = PBXBuildFile; fileRef = CC1579C5179D11810068A54E /* IoMmapFd.cc */; };
		CC1579F5179D11810068A54E /* logger.cc in Sources */ = {isa = PBXBuildFile; fileRef = CC1579CA179D11810068A54E /* logger.cc */; };
		CC1579F6179D11810068A54E /* MenuItem.cc in Sources */ = {isa = PBXBuildFile; fileRef = CC1579CC179D11810068A54E /* MenuItem.cc */; };
		CC1579F7179D11810068A54E /* NavView.cc in Sources */ = {isa = PBXBuildFile; fileRef = CC1579CD179D11810068A54E /* NavView.cc */; };
		CC1579F8179D11810068A54E /* opengl.cc in Sources */ = {isa = PBXBuildFile; fileRef = CC1579CE179D11810068A54E /* opengl.cc */; };
		CC1579F9179D11810068A54E /* Pixmap.cc in Sources */ = {isa = PBXBuildFile; fileRef = CC1579D1179D11810068A54E /* Pixmap.cc */; };
		CC1579FA179D11810068A54E /* Quartz2d.cc in Sources */ = {isa = PBXBuildFile; fileRef = CC1579D2179D11810068A54E /* Quartz2d.cc */; };
		CC1579FC179D11810068A54E /* ResourceFace.cc in Sources */ = {isa = PBXBuildFile; fileRef = CC1579D5179D11810068A54E /* ResourceFace.cc */; };
		CC1579FD179D11810068A54E /* ResourceFont.cc in Sources */ = {isa = PBXBuildFile; fileRef = CC1579D7179D11810068A54E /* ResourceFont.cc */; };
		CC1579FF179D11810068A54E /* RSTExtras.mm in Sources */ = {isa = PBXBuildFile; fileRef = CC1579DA179D11810068A54E /* RSTExtras.mm */; };
		CC157A00179D11810068A54E /* ScrollableGuiTable1D.cc in Sources */ = {isa = PBXBuildFile; fileRef = CC1579DB179D11810068A54E /* ScrollableGuiTable1D.cc */; };
		CC157A01179D11810068A54E /* ScrollView1D.cc in Sources */ = {isa = PBXBuildFile; fileRef = CC1579DC179D11810068A54E /* ScrollView1D.cc */; };
		CC157A02179D11810068A54E /* View.cc in Sources */ = {isa = PBXBuildFile; fileRef = CC1579E8179D11810068A54E /* View.cc */; };
		CC157A9E179D15C60068A54E /* ButtonConfigView.cc in Sources */ = {isa = PBXBuildFile; fileRef = CC157A71179D15C60068A54E /* ButtonConfigView.cc */; };
		CC157A9F179D15C60068A54E /* Cheats.cc in Sources */ = {isa = PBXBuildFile; fileRef = CC157A73179D15C60068A54E /* Cheats.cc */; };
		CC157AA0179D15C60068A54E /* ConfigFile.cc in Sources */ = {isa = PBXBuildFile; fileRef = CC157A75179D15C60068A54E /* ConfigFile.cc */; };
		CC157AA1179D15C60068A54E /* CreditsView.cc in Sources */ = {isa = PBXBuildFile; fileRef = CC157A77179D15C60068A54E /* CreditsView.cc */; };
		CC157AA2179D15C60068A54E /* EmuInput.cc in Sources */ = {isa = PBXBuildFile; fileRef = CC157A79179D15C60068A54E /* EmuInput.cc */; };
		CC157AA3179D15C60068A54E /* EmuOptions.cc in Sources */ = {isa = PBXBuildFile; fileRef = CC157A7B179D15C60068A54E /* EmuOptions.cc */; };
		CC157AA4179D15C60068A54E /* EmuSystem.cc in Sources */ = {isa = PBXBuildFile; fileRef = CC157A7D179D15C60068A54E /* EmuSystem.cc */; };
		CC157AA5179D15C60068A54E /* EmuView.cc in Sources */ = {isa = PBXBuildFile; fileRef = CC157A7F179D15C60068A54E /* EmuView.cc */; };
		CC157AA6179D15C60068A54E /* FilePicker.cc in Sources */ = {isa = PBXBuildFile; fileRef = CC157A81179D15C60068A54E /* FilePicker.cc */; };
		CC157AA7179D15C60068A54E /* FileUtils.cc in Sources */ = {isa = PBXBuildFile; fileRef = CC157A83179D15C60068A54E /* FileUtils.cc */; };
		CC157AA8179D15C60068A54E /* InputManagerView.cc in Sources */ = {isa = PBXBuildFile; fileRef = CC157A86179D15C60068A54E /* InputManagerView.cc */; };
		CC157AA9179D15C60068A54E /* MenuView.cc in Sources */ = {isa = PBXBuildFile; fileRef = CC157A88179D15C60068A54E /* MenuView.cc */; };
		CC157AAA179D15C60068A54E /* MsgPopup.cc in Sources */ = {isa = PBXBuildFile; fileRef = CC157A8A179D15C60068A54E /* MsgPopup.cc */; };
		CC157AAB179D15C60068A54E /* OptionView.cc in Sources */ = {isa = PBXBuildFile; fileRef = CC157A8D179D15C60068A54E /* OptionView.cc */; };
		CC157AAC179D15C60068A54E /* Recent.cc in Sources */ = {isa = PBXBuildFile; fileRef = CC157A8F179D15C60068A54E /* Recent.cc */; };
		CC157AAD179D15C60068A54E /* Screenshot.cc in Sources */ = {isa = PBXBuildFile; fileRef = CC157A91179D15C60068A54E /* Screenshot.cc */; };
		CC157AAE179D15C60068A54E /* StateSlotView.cc in Sources */ = {isa = PBXBuildFile; fileRef = CC157A93179D15C60068A54E /* StateSlotView.cc */; };
		CC157AAF179D15C60068A54E /* TextEntry.cc in Sources */ = {isa = PBXBuildFile; fileRef = CC157A95179D15C60068A54E /* TextEntry.cc */; };
		CC157AB0179D15C60068A54E /* TouchConfigView.cc in Sources */ = {isa = PBXBuildFile; fileRef = CC157A97179D15C60068A54E /* TouchConfigView.cc */; };
		CC157AB1179D15C60068A54E /* VController.cc in Sources */ = {isa = PBXBuildFile; fileRef = CC157A9A179D15C60068A54E /* VController.cc */; };
		CC157AB2179D15C60068A54E /* VideoImageOverlay.cc in Sources */ = {isa = PBXBuildFile; fileRef = CC157A9C179D15C60068A54E /* VideoImageOverlay.cc */; };
		CC2D57001798F2EC00C616EB /* Foundation.framework in Frameworks */ = {isa = PBXBuildFile; fileRef = CC2D56FF1798F2EC00C616EB /* Foundation.framework */; };
		CC2D57021798F2EC00C616EB /* CoreGraphics.framework in Frameworks */ = {isa = PBXBuildFile; fileRef = CC2D57011798F2EC00C616EB /* CoreGraphics.framework */; };
		CC2D57041798F2EC00C616EB /* UIKit.framework in Frameworks */ = {isa = PBXBuildFile; fileRef = CC2D57031798F2EC00C616EB /* UIKit.framework */; };
		CC2D570A1798F2EC00C616EB /* InfoPlist.strings in Resources */ = {isa = PBXBuildFile; fileRef = CC2D57081798F2EC00C616EB /* InfoPlist.strings */; };
		CC2D570C1798F2EC00C616EB /* main.m in Sources */ = {isa = PBXBuildFile; fileRef = CC2D570B1798F2EC00C616EB /* main.m */; };
		CC2D57101798F2EC00C616EB /* GBAAppDelegate.m in Sources */ = {isa = PBXBuildFile; fileRef = CC2D570F1798F2EC00C616EB /* GBAAppDelegate.m */; };
		CC2D571B1798F2EC00C616EB /* Images.xcassets in Resources */ = {isa = PBXBuildFile; fileRef = CC2D571A1798F2EC00C616EB /* Images.xcassets */; };
		CC2D57221798F2ED00C616EB /* XCTest.framework in Frameworks */ = {isa = PBXBuildFile; fileRef = CC2D57211798F2ED00C616EB /* XCTest.framework */; };
		CC2D57231798F2ED00C616EB /* Foundation.framework in Frameworks */ = {isa = PBXBuildFile; fileRef = CC2D56FF1798F2EC00C616EB /* Foundation.framework */; };
		CC2D57241798F2ED00C616EB /* UIKit.framework in Frameworks */ = {isa = PBXBuildFile; fileRef = CC2D57031798F2EC00C616EB /* UIKit.framework */; };
		CC2D572C1798F2ED00C616EB /* InfoPlist.strings in Resources */ = {isa = PBXBuildFile; fileRef = CC2D572A1798F2ED00C616EB /* InfoPlist.strings */; };
		CC2D572E1798F2ED00C616EB /* GBA4iOSTests.m in Sources */ = {isa = PBXBuildFile; fileRef = CC2D572D1798F2ED00C616EB /* GBA4iOSTests.m */; };
		CC2D573D1798F42700C616EB /* DocWatchHelper.m in Sources */ = {isa = PBXBuildFile; fileRef = CC2D573A1798F42700C616EB /* DocWatchHelper.m */; };
		CC2D57411798F44700C616EB /* GBAROMTableViewController.m in Sources */ = {isa = PBXBuildFile; fileRef = CC2D57401798F44700C616EB /* GBAROMTableViewController.m */; };
		CC8BB0B31799A4D900F9864F /* GBAEmulationViewController.m in Sources */ = {isa = PBXBuildFile; fileRef = CC8BB0B21799A4D900F9864F /* GBAEmulationViewController.m */; };
		CC9B5986179906E700DD9067 /* Main_iPhone.storyboard in Resources */ = {isa = PBXBuildFile; fileRef = CC2D57111798F2EC00C616EB /* Main_iPhone.storyboard */; };
		CC9B5987179906E700DD9067 /* Main_iPad.storyboard in Resources */ = {isa = PBXBuildFile; fileRef = CC2D57141798F2EC00C616EB /* Main_iPad.storyboard */; };
/* End PBXBuildFile section */

/* Begin PBXContainerItemProxy section */
		CC2D57251798F2ED00C616EB /* PBXContainerItemProxy */ = {
			isa = PBXContainerItemProxy;
			containerPortal = CC2D56F41798F2EC00C616EB /* Project object */;
			proxyType = 1;
			remoteGlobalIDString = CC2D56FB1798F2EC00C616EB;
			remoteInfo = GBA4iOS;
		};
/* End PBXContainerItemProxy section */

/* Begin PBXFileReference section */
		CC1577CA179CF1850068A54E /* libGBAEmulator.a */ = {isa = PBXFileReference; lastKnownFileType = archive.ar; name = libGBAEmulator.a; path = "build/Debug-iphoneos/libGBAEmulator.a"; sourceTree = "<group>"; };
		CC1577CD179CF1B90068A54E /* AudioToolbox.framework */ = {isa = PBXFileReference; lastKnownFileType = wrapper.framework; name = AudioToolbox.framework; path = System/Library/Frameworks/AudioToolbox.framework; sourceTree = SDKROOT; };
		CC1577CE179CF1B90068A54E /* CoreAudio.framework */ = {isa = PBXFileReference; lastKnownFileType = wrapper.framework; name = CoreAudio.framework; path = System/Library/Frameworks/CoreAudio.framework; sourceTree = SDKROOT; };
		CC1577CF179CF1B90068A54E /* CoreFoundation.framework */ = {isa = PBXFileReference; lastKnownFileType = wrapper.framework; name = CoreFoundation.framework; path = System/Library/Frameworks/CoreFoundation.framework; sourceTree = SDKROOT; };
		CC1577D0179CF1B90068A54E /* MessageUI.framework */ = {isa = PBXFileReference; lastKnownFileType = wrapper.framework; name = MessageUI.framework; path = System/Library/Frameworks/MessageUI.framework; sourceTree = SDKROOT; };
		CC1577D1179CF1B90068A54E /* QuartzCore.framework */ = {isa = PBXFileReference; lastKnownFileType = wrapper.framework; name = QuartzCore.framework; path = System/Library/Frameworks/QuartzCore.framework; sourceTree = SDKROOT; };
		CC1577D7179CF1F80068A54E /* libz.dylib */ = {isa = PBXFileReference; lastKnownFileType = "compiled.mach-o.dylib"; name = libz.dylib; path = usr/lib/libz.dylib; sourceTree = SDKROOT; };
		CC1578CC179D08020068A54E /* png.c */ = {isa = PBXFileReference; fileEncoding = 4; lastKnownFileType = sourcecode.c.c; name = png.c; path = "Emulator Code/GBA/libpng/png.c"; sourceTree = "<group>"; };
		CC1578CD179D08020068A54E /* png.h */ = {isa = PBXFileReference; fileEncoding = 4; lastKnownFileType = sourcecode.c.h; name = png.h; path = "Emulator Code/GBA/libpng/png.h"; sourceTree = "<group>"; };
		CC1578CE179D08020068A54E /* pngconf.h */ = {isa = PBXFileReference; fileEncoding = 4; lastKnownFileType = sourcecode.c.h; name = pngconf.h; path = "Emulator Code/GBA/libpng/pngconf.h"; sourceTree = "<group>"; };
		CC1578CF179D08020068A54E /* pngdebug.h */ = {isa = PBXFileReference; fileEncoding = 4; lastKnownFileType = sourcecode.c.h; name = pngdebug.h; path = "Emulator Code/GBA/libpng/pngdebug.h"; sourceTree = "<group>"; };
		CC1578D0179D08020068A54E /* pngerror.c */ = {isa = PBXFileReference; fileEncoding = 4; lastKnownFileType = sourcecode.c.c; name = pngerror.c; path = "Emulator Code/GBA/libpng/pngerror.c"; sourceTree = "<group>"; };
		CC1578D1179D08020068A54E /* pngget.c */ = {isa = PBXFileReference; fileEncoding = 4; lastKnownFileType = sourcecode.c.c; name = pngget.c; path = "Emulator Code/GBA/libpng/pngget.c"; sourceTree = "<group>"; };
		CC1578D2179D08020068A54E /* pnginfo.h */ = {isa = PBXFileReference; fileEncoding = 4; lastKnownFileType = sourcecode.c.h; name = pnginfo.h; path = "Emulator Code/GBA/libpng/pnginfo.h"; sourceTree = "<group>"; };
		CC1578D3179D08020068A54E /* pnglibconf.h */ = {isa = PBXFileReference; fileEncoding = 4; lastKnownFileType = sourcecode.c.h; name = pnglibconf.h; path = "Emulator Code/GBA/libpng/pnglibconf.h"; sourceTree = "<group>"; };
		CC1578D4179D08020068A54E /* pngmem.c */ = {isa = PBXFileReference; fileEncoding = 4; lastKnownFileType = sourcecode.c.c; name = pngmem.c; path = "Emulator Code/GBA/libpng/pngmem.c"; sourceTree = "<group>"; };
		CC1578D5179D08020068A54E /* pngpread.c */ = {isa = PBXFileReference; fileEncoding = 4; lastKnownFileType = sourcecode.c.c; name = pngpread.c; path = "Emulator Code/GBA/libpng/pngpread.c"; sourceTree = "<group>"; };
		CC1578D6179D08020068A54E /* pngpriv.h */ = {isa = PBXFileReference; fileEncoding = 4; lastKnownFileType = sourcecode.c.h; name = pngpriv.h; path = "Emulator Code/GBA/libpng/pngpriv.h"; sourceTree = "<group>"; };
		CC1578D7179D08020068A54E /* pngread.c */ = {isa = PBXFileReference; fileEncoding = 4; lastKnownFileType = sourcecode.c.c; name = pngread.c; path = "Emulator Code/GBA/libpng/pngread.c"; sourceTree = "<group>"; };
		CC1578D8179D08020068A54E /* pngrio.c */ = {isa = PBXFileReference; fileEncoding = 4; lastKnownFileType = sourcecode.c.c; name = pngrio.c; path = "Emulator Code/GBA/libpng/pngrio.c"; sourceTree = "<group>"; };
		CC1578D9179D08020068A54E /* pngrtran.c */ = {isa = PBXFileReference; fileEncoding = 4; lastKnownFileType = sourcecode.c.c; name = pngrtran.c; path = "Emulator Code/GBA/libpng/pngrtran.c"; sourceTree = "<group>"; };
		CC1578DA179D08020068A54E /* pngrutil.c */ = {isa = PBXFileReference; fileEncoding = 4; lastKnownFileType = sourcecode.c.c; name = pngrutil.c; path = "Emulator Code/GBA/libpng/pngrutil.c"; sourceTree = "<group>"; };
		CC1578DB179D08020068A54E /* pngset.c */ = {isa = PBXFileReference; fileEncoding = 4; lastKnownFileType = sourcecode.c.c; name = pngset.c; path = "Emulator Code/GBA/libpng/pngset.c"; sourceTree = "<group>"; };
		CC1578DC179D08020068A54E /* pngstruct.h */ = {isa = PBXFileReference; fileEncoding = 4; lastKnownFileType = sourcecode.c.h; name = pngstruct.h; path = "Emulator Code/GBA/libpng/pngstruct.h"; sourceTree = "<group>"; };
		CC1578DD179D08020068A54E /* pngtrans.c */ = {isa = PBXFileReference; fileEncoding = 4; lastKnownFileType = sourcecode.c.c; name = pngtrans.c; path = "Emulator Code/GBA/libpng/pngtrans.c"; sourceTree = "<group>"; };
		CC1578DE179D08020068A54E /* pngwio.c */ = {isa = PBXFileReference; fileEncoding = 4; lastKnownFileType = sourcecode.c.c; name = pngwio.c; path = "Emulator Code/GBA/libpng/pngwio.c"; sourceTree = "<group>"; };
		CC1578DF179D08020068A54E /* pngwrite.c */ = {isa = PBXFileReference; fileEncoding = 4; lastKnownFileType = sourcecode.c.c; name = pngwrite.c; path = "Emulator Code/GBA/libpng/pngwrite.c"; sourceTree = "<group>"; };
		CC1578E0179D08020068A54E /* pngwtran.c */ = {isa = PBXFileReference; fileEncoding = 4; lastKnownFileType = sourcecode.c.c; name = pngwtran.c; path = "Emulator Code/GBA/libpng/pngwtran.c"; sourceTree = "<group>"; };
		CC1578E1179D08020068A54E /* pngwutil.c */ = {isa = PBXFileReference; fileEncoding = 4; lastKnownFileType = sourcecode.c.c; name = pngwutil.c; path = "Emulator Code/GBA/libpng/pngwutil.c"; sourceTree = "<group>"; };
		CC1578FF179D08530068A54E /* crypt.h */ = {isa = PBXFileReference; fileEncoding = 4; lastKnownFileType = sourcecode.c.h; name = crypt.h; path = "Emulator Code/GBA/minizip/crypt.h"; sourceTree = "<group>"; };
		CC157900179D08530068A54E /* ioapi.c */ = {isa = PBXFileReference; fileEncoding = 4; lastKnownFileType = sourcecode.c.c; name = ioapi.c; path = "Emulator Code/GBA/minizip/ioapi.c"; sourceTree = "<group>"; };
		CC157901179D08530068A54E /* ioapi.h */ = {isa = PBXFileReference; fileEncoding = 4; lastKnownFileType = sourcecode.c.h; name = ioapi.h; path = "Emulator Code/GBA/minizip/ioapi.h"; sourceTree = "<group>"; };
		CC157902179D08530068A54E /* mztools.c */ = {isa = PBXFileReference; fileEncoding = 4; lastKnownFileType = sourcecode.c.c; name = mztools.c; path = "Emulator Code/GBA/minizip/mztools.c"; sourceTree = "<group>"; };
		CC157903179D08530068A54E /* mztools.h */ = {isa = PBXFileReference; fileEncoding = 4; lastKnownFileType = sourcecode.c.h; name = mztools.h; path = "Emulator Code/GBA/minizip/mztools.h"; sourceTree = "<group>"; };
		CC157904179D08530068A54E /* unzip.c */ = {isa = PBXFileReference; fileEncoding = 4; lastKnownFileType = sourcecode.c.c; name = unzip.c; path = "Emulator Code/GBA/minizip/unzip.c"; sourceTree = "<group>"; };
		CC157905179D08530068A54E /* unzip.h */ = {isa = PBXFileReference; fileEncoding = 4; lastKnownFileType = sourcecode.c.h; name = unzip.h; path = "Emulator Code/GBA/minizip/unzip.h"; sourceTree = "<group>"; };
		CC157906179D08530068A54E /* zip.c */ = {isa = PBXFileReference; fileEncoding = 4; lastKnownFileType = sourcecode.c.c; name = zip.c; path = "Emulator Code/GBA/minizip/zip.c"; sourceTree = "<group>"; };
		CC157907179D08530068A54E /* zip.h */ = {isa = PBXFileReference; fileEncoding = 4; lastKnownFileType = sourcecode.c.h; name = zip.h; path = "Emulator Code/GBA/minizip/zip.h"; sourceTree = "<group>"; };
		CC1579A2179D11810068A54E /* AlertView.cc */ = {isa = PBXFileReference; fileEncoding = 4; lastKnownFileType = sourcecode.cpp.cpp; path = AlertView.cc; sourceTree = "<group>"; };
		CC1579A3179D11810068A54E /* apple.mm */ = {isa = PBXFileReference; fileEncoding = 4; lastKnownFileType = sourcecode.cpp.objcpp; path = apple.mm; sourceTree = "<group>"; };
		CC1579A5179D11810068A54E /* Base.hh */ = {isa = PBXFileReference; fileEncoding = 4; lastKnownFileType = sourcecode.cpp.h; path = Base.hh; sourceTree = "<group>"; };
		CC1579A6179D11810068A54E /* commit.hh */ = {isa = PBXFileReference; fileEncoding = 4; lastKnownFileType = sourcecode.cpp.h; path = commit.hh; sourceTree = "<group>"; };
		CC1579A8179D11810068A54E /* env.hh */ = {isa = PBXFileReference; fileEncoding = 4; lastKnownFileType = sourcecode.cpp.h; path = env.hh; sourceTree = "<group>"; };
		CC1579A9179D11810068A54E /* config.h */ = {isa = PBXFileReference; fileEncoding = 4; lastKnownFileType = sourcecode.c.h; path = config.h; sourceTree = "<group>"; };
		CC1579AA179D11810068A54E /* coreaudio.cc */ = {isa = PBXFileReference; fileEncoding = 4; lastKnownFileType = sourcecode.cpp.cpp; path = coreaudio.cc; sourceTree = "<group>"; };
		CC1579AC179D11810068A54E /* quad.hh */ = {isa = PBXFileReference; fileEncoding = 4; lastKnownFileType = sourcecode.cpp.h; path = quad.hh; sourceTree = "<group>"; };
		CC1579AD179D11810068A54E /* sprite.hh */ = {isa = PBXFileReference; fileEncoding = 4; lastKnownFileType = sourcecode.cpp.h; path = sprite.hh; sourceTree = "<group>"; };
		CC1579AE179D11810068A54E /* engine-globals.h */ = {isa = PBXFileReference; fileEncoding = 4; lastKnownFileType = sourcecode.c.h; path = "engine-globals.h"; sourceTree = "<group>"; };
		CC1579AF179D11810068A54E /* FSPicker.cc */ = {isa = PBXFileReference; fileEncoding = 4; lastKnownFileType = sourcecode.cpp.cpp; path = FSPicker.cc; sourceTree = "<group>"; };
		CC1579B0179D11810068A54E /* FSPicker.hh */ = {isa = PBXFileReference; fileEncoding = 4; lastKnownFileType = sourcecode.cpp.h; path = FSPicker.hh; sourceTree = "<group>"; };
		CC1579B1179D11810068A54E /* FsPosix.cc */ = {isa = PBXFileReference; fileEncoding = 4; lastKnownFileType = sourcecode.cpp.cpp; path = FsPosix.cc; sourceTree = "<group>"; };
		CC1579B2179D11810068A54E /* FsPosix.hh */ = {isa = PBXFileReference; fileEncoding = 4; lastKnownFileType = sourcecode.cpp.h; path = FsPosix.hh; sourceTree = "<group>"; };
		CC1579B3179D11810068A54E /* geometry.hh */ = {isa = PBXFileReference; fileEncoding = 4; lastKnownFileType = sourcecode.cpp.h; path = geometry.hh; sourceTree = "<group>"; };
		CC1579B5179D11810068A54E /* Gfx.hh */ = {isa = PBXFileReference; fileEncoding = 4; lastKnownFileType = sourcecode.cpp.h; path = Gfx.hh; sourceTree = "<group>"; };
		CC1579B6179D11810068A54E /* GfxText.hh */ = {isa = PBXFileReference; fileEncoding = 4; lastKnownFileType = sourcecode.cpp.h; path = GfxText.hh; sourceTree = "<group>"; };
		CC1579B7179D11810068A54E /* glStateCache.h */ = {isa = PBXFileReference; fileEncoding = 4; lastKnownFileType = sourcecode.c.h; path = glStateCache.h; sourceTree = "<group>"; };
		CC1579B9179D11810068A54E /* AlertView.hh */ = {isa = PBXFileReference; fileEncoding = 4; lastKnownFileType = sourcecode.cpp.h; path = AlertView.hh; sourceTree = "<group>"; };
		CC1579BB179D11810068A54E /* MenuItem.hh */ = {isa = PBXFileReference; fileEncoding = 4; lastKnownFileType = sourcecode.cpp.h; path = MenuItem.hh; sourceTree = "<group>"; };
		CC1579BC179D11810068A54E /* NavView.hh */ = {isa = PBXFileReference; fileEncoding = 4; lastKnownFileType = sourcecode.cpp.h; path = NavView.hh; sourceTree = "<group>"; };
		CC1579BD179D11810068A54E /* GuiTable1D.cc */ = {isa = PBXFileReference; fileEncoding = 4; lastKnownFileType = sourcecode.cpp.cpp; path = GuiTable1D.cc; sourceTree = "<group>"; };
		CC1579BE179D11810068A54E /* GuiTable1D.hh */ = {isa = PBXFileReference; fileEncoding = 4; lastKnownFileType = sourcecode.cpp.h; path = GuiTable1D.hh; sourceTree = "<group>"; };
		CC1579BF179D11810068A54E /* Io.cc */ = {isa = PBXFileReference; fileEncoding = 4; lastKnownFileType = sourcecode.cpp.cpp; path = Io.cc; sourceTree = "<group>"; };
		CC1579C0179D11810068A54E /* Io.hh */ = {isa = PBXFileReference; fileEncoding = 4; lastKnownFileType = sourcecode.cpp.h; path = Io.hh; sourceTree = "<group>"; };
		CC1579C1179D11810068A54E /* IoFd.cc */ = {isa = PBXFileReference; fileEncoding = 4; lastKnownFileType = sourcecode.cpp.cpp; path = IoFd.cc; sourceTree = "<group>"; };
		CC1579C2179D11810068A54E /* IoFd.hh */ = {isa = PBXFileReference; fileEncoding = 4; lastKnownFileType = sourcecode.cpp.h; path = IoFd.hh; sourceTree = "<group>"; };
		CC1579C3179D11810068A54E /* IoMmap.cc */ = {isa = PBXFileReference; fileEncoding = 4; lastKnownFileType = sourcecode.cpp.cpp; path = IoMmap.cc; sourceTree = "<group>"; };
		CC1579C4179D11810068A54E /* IoMmap.hh */ = {isa = PBXFileReference; fileEncoding = 4; lastKnownFileType = sourcecode.cpp.h; path = IoMmap.hh; sourceTree = "<group>"; };
		CC1579C5179D11810068A54E /* IoMmapFd.cc */ = {isa = PBXFileReference; fileEncoding = 4; lastKnownFileType = sourcecode.cpp.cpp; path = IoMmapFd.cc; sourceTree = "<group>"; };
		CC1579C6179D11810068A54E /* IoMmapFd.hh */ = {isa = PBXFileReference; fileEncoding = 4; lastKnownFileType = sourcecode.cpp.h; path = IoMmapFd.hh; sourceTree = "<group>"; };
		CC1579C7179D11810068A54E /* iphone.mm */ = {isa = PBXFileReference; fileEncoding = 4; lastKnownFileType = sourcecode.cpp.objcpp; path = iphone.mm; sourceTree = "<group>"; };
		CC1579C9179D11810068A54E /* interface.h */ = {isa = PBXFileReference; fileEncoding = 4; lastKnownFileType = sourcecode.c.h; path = interface.h; sourceTree = "<group>"; };
		CC1579CA179D11810068A54E /* logger.cc */ = {isa = PBXFileReference; fileEncoding = 4; lastKnownFileType = sourcecode.cpp.cpp; path = logger.cc; sourceTree = "<group>"; };
		CC1579CB179D11810068A54E /* MainApp.h */ = {isa = PBXFileReference; fileEncoding = 4; lastKnownFileType = sourcecode.c.h; path = MainApp.h; sourceTree = "<group>"; };
		CC1579CC179D11810068A54E /* MenuItem.cc */ = {isa = PBXFileReference; fileEncoding = 4; lastKnownFileType = sourcecode.cpp.cpp; path = MenuItem.cc; sourceTree = "<group>"; };
		CC1579CD179D11810068A54E /* NavView.cc */ = {isa = PBXFileReference; fileEncoding = 4; lastKnownFileType = sourcecode.cpp.cpp; path = NavView.cc; sourceTree = "<group>"; };
		CC1579CE179D11810068A54E /* opengl.cc */ = {isa = PBXFileReference; fileEncoding = 4; lastKnownFileType = sourcecode.cpp.cpp; path = opengl.cc; sourceTree = "<group>"; };
		CC1579D0179D11810068A54E /* Pixmap.hh */ = {isa = PBXFileReference; fileEncoding = 4; lastKnownFileType = sourcecode.cpp.h; path = Pixmap.hh; sourceTree = "<group>"; };
		CC1579D1179D11810068A54E /* Pixmap.cc */ = {isa = PBXFileReference; fileEncoding = 4; lastKnownFileType = sourcecode.cpp.cpp; path = Pixmap.cc; sourceTree = "<group>"; };
		CC1579D2179D11810068A54E /* Quartz2d.cc */ = {isa = PBXFileReference; fileEncoding = 4; lastKnownFileType = sourcecode.cpp.cpp; path = Quartz2d.cc; sourceTree = "<group>"; };
		CC1579D3179D11810068A54E /* Quartz2d.hh */ = {isa = PBXFileReference; fileEncoding = 4; lastKnownFileType = sourcecode.cpp.h; path = Quartz2d.hh; sourceTree = "<group>"; };
		CC1579D4179D11810068A54E /* Quartz2dUIKit.mm */ = {isa = PBXFileReference; fileEncoding = 4; lastKnownFileType = sourcecode.cpp.objcpp; path = Quartz2dUIKit.mm; sourceTree = "<group>"; };
		CC1579D5179D11810068A54E /* ResourceFace.cc */ = {isa = PBXFileReference; fileEncoding = 4; lastKnownFileType = sourcecode.cpp.cpp; path = ResourceFace.cc; sourceTree = "<group>"; };
		CC1579D6179D11810068A54E /* ResourceFace.hh */ = {isa = PBXFileReference; fileEncoding = 4; lastKnownFileType = sourcecode.cpp.h; path = ResourceFace.hh; sourceTree = "<group>"; };
		CC1579D7179D11810068A54E /* ResourceFont.cc */ = {isa = PBXFileReference; fileEncoding = 4; lastKnownFileType = sourcecode.cpp.cpp; path = ResourceFont.cc; sourceTree = "<group>"; };
		CC1579D8179D11810068A54E /* ResourceFont.h */ = {isa = PBXFileReference; fileEncoding = 4; lastKnownFileType = sourcecode.c.h; path = ResourceFont.h; sourceTree = "<group>"; };
		CC1579D9179D11810068A54E /* ResourceFontUIKit.mm */ = {isa = PBXFileReference; fileEncoding = 4; lastKnownFileType = sourcecode.cpp.objcpp; path = ResourceFontUIKit.mm; sourceTree = "<group>"; };
		CC1579DA179D11810068A54E /* RSTExtras.mm */ = {isa = PBXFileReference; fileEncoding = 4; lastKnownFileType = sourcecode.cpp.objcpp; path = RSTExtras.mm; sourceTree = "<group>"; };
		CC1579DB179D11810068A54E /* ScrollableGuiTable1D.cc */ = {isa = PBXFileReference; fileEncoding = 4; lastKnownFileType = sourcecode.cpp.cpp; path = ScrollableGuiTable1D.cc; sourceTree = "<group>"; };
		CC1579DC179D11810068A54E /* ScrollView1D.cc */ = {isa = PBXFileReference; fileEncoding = 4; lastKnownFileType = sourcecode.cpp.cpp; path = ScrollView1D.cc; sourceTree = "<group>"; };
		CC1579DD179D11810068A54E /* ScrollView1D.hh */ = {isa = PBXFileReference; fileEncoding = 4; lastKnownFileType = sourcecode.cpp.h; path = ScrollView1D.hh; sourceTree = "<group>"; };
		CC1579DE179D11810068A54E /* settings.h */ = {isa = PBXFileReference; fileEncoding = 4; lastKnownFileType = sourcecode.c.h; path = settings.h; sourceTree = "<group>"; };
		CC1579DF179D11810068A54E /* startup-shutdown.h */ = {isa = PBXFileReference; fileEncoding = 4; lastKnownFileType = sourcecode.c.h; path = "startup-shutdown.h"; sourceTree = "<group>"; };
		CC1579E0179D11810068A54E /* texture.hh */ = {isa = PBXFileReference; fileEncoding = 4; lastKnownFileType = sourcecode.cpp.h; path = texture.hh; sourceTree = "<group>"; };
		CC1579E1179D11810068A54E /* transforms.hh */ = {isa = PBXFileReference; fileEncoding = 4; lastKnownFileType = sourcecode.cpp.h; path = transforms.hh; sourceTree = "<group>"; };
		CC1579E3179D11810068A54E /* rectangle2.h */ = {isa = PBXFileReference; fileEncoding = 4; lastKnownFileType = sourcecode.c.h; path = rectangle2.h; sourceTree = "<group>"; };
		CC1579E5179D11810068A54E /* apple.h */ = {isa = PBXFileReference; fileEncoding = 4; lastKnownFileType = sourcecode.c.h; path = apple.h; sourceTree = "<group>"; };
		CC1579E6179D11810068A54E /* strings.h */ = {isa = PBXFileReference; fileEncoding = 4; lastKnownFileType = sourcecode.c.h; path = strings.h; sourceTree = "<group>"; };
		CC1579E7179D11810068A54E /* utils.h */ = {isa = PBXFileReference; fileEncoding = 4; lastKnownFileType = sourcecode.c.h; path = utils.h; sourceTree = "<group>"; };
		CC1579E8179D11810068A54E /* View.cc */ = {isa = PBXFileReference; fileEncoding = 4; lastKnownFileType = sourcecode.cpp.cpp; path = View.cc; sourceTree = "<group>"; };
		CC1579E9179D11810068A54E /* View.hh */ = {isa = PBXFileReference; fileEncoding = 4; lastKnownFileType = sourcecode.cpp.h; path = View.hh; sourceTree = "<group>"; };
		CC157A71179D15C60068A54E /* ButtonConfigView.cc */ = {isa = PBXFileReference; fileEncoding = 4; lastKnownFileType = sourcecode.cpp.cpp; path = ButtonConfigView.cc; sourceTree = "<group>"; };
		CC157A72179D15C60068A54E /* ButtonConfigView.hh */ = {isa = PBXFileReference; fileEncoding = 4; lastKnownFileType = sourcecode.cpp.h; path = ButtonConfigView.hh; sourceTree = "<group>"; };
		CC157A73179D15C60068A54E /* Cheats.cc */ = {isa = PBXFileReference; fileEncoding = 4; lastKnownFileType = sourcecode.cpp.cpp; path = Cheats.cc; sourceTree = "<group>"; };
		CC157A74179D15C60068A54E /* Cheats.hh */ = {isa = PBXFileReference; fileEncoding = 4; lastKnownFileType = sourcecode.cpp.h; path = Cheats.hh; sourceTree = "<group>"; };
		CC157A75179D15C60068A54E /* ConfigFile.cc */ = {isa = PBXFileReference; fileEncoding = 4; lastKnownFileType = sourcecode.cpp.cpp; path = ConfigFile.cc; sourceTree = "<group>"; };
		CC157A76179D15C60068A54E /* ConfigFile.hh */ = {isa = PBXFileReference; fileEncoding = 4; lastKnownFileType = sourcecode.cpp.h; path = ConfigFile.hh; sourceTree = "<group>"; };
		CC157A77179D15C60068A54E /* CreditsView.cc */ = {isa = PBXFileReference; fileEncoding = 4; lastKnownFileType = sourcecode.cpp.cpp; path = CreditsView.cc; sourceTree = "<group>"; };
		CC157A78179D15C60068A54E /* CreditsView.hh */ = {isa = PBXFileReference; fileEncoding = 4; lastKnownFileType = sourcecode.cpp.h; path = CreditsView.hh; sourceTree = "<group>"; };
		CC157A79179D15C60068A54E /* EmuInput.cc */ = {isa = PBXFileReference; fileEncoding = 4; lastKnownFileType = sourcecode.cpp.cpp; path = EmuInput.cc; sourceTree = "<group>"; };
		CC157A7A179D15C60068A54E /* EmuInput.hh */ = {isa = PBXFileReference; fileEncoding = 4; lastKnownFileType = sourcecode.cpp.h; path = EmuInput.hh; sourceTree = "<group>"; };
		CC157A7B179D15C60068A54E /* EmuOptions.cc */ = {isa = PBXFileReference; fileEncoding = 4; lastKnownFileType = sourcecode.cpp.cpp; path = EmuOptions.cc; sourceTree = "<group>"; };
		CC157A7C179D15C60068A54E /* EmuOptions.hh */ = {isa = PBXFileReference; fileEncoding = 4; lastKnownFileType = sourcecode.cpp.h; path = EmuOptions.hh; sourceTree = "<group>"; };
		CC157A7D179D15C60068A54E /* EmuSystem.cc */ = {isa = PBXFileReference; fileEncoding = 4; lastKnownFileType = sourcecode.cpp.cpp; path = EmuSystem.cc; sourceTree = "<group>"; };
		CC157A7E179D15C60068A54E /* EmuSystem.hh */ = {isa = PBXFileReference; fileEncoding = 4; lastKnownFileType = sourcecode.cpp.h; path = EmuSystem.hh; sourceTree = "<group>"; };
		CC157A7F179D15C60068A54E /* EmuView.cc */ = {isa = PBXFileReference; fileEncoding = 4; lastKnownFileType = sourcecode.cpp.cpp; path = EmuView.cc; sourceTree = "<group>"; };
		CC157A80179D15C60068A54E /* EmuView.hh */ = {isa = PBXFileReference; fileEncoding = 4; lastKnownFileType = sourcecode.cpp.h; path = EmuView.hh; sourceTree = "<group>"; };
		CC157A81179D15C60068A54E /* FilePicker.cc */ = {isa = PBXFileReference; fileEncoding = 4; lastKnownFileType = sourcecode.cpp.cpp; path = FilePicker.cc; sourceTree = "<group>"; };
		CC157A82179D15C60068A54E /* FilePicker.hh */ = {isa = PBXFileReference; fileEncoding = 4; lastKnownFileType = sourcecode.cpp.h; path = FilePicker.hh; sourceTree = "<group>"; };
		CC157A83179D15C60068A54E /* FileUtils.cc */ = {isa = PBXFileReference; fileEncoding = 4; lastKnownFileType = sourcecode.cpp.cpp; path = FileUtils.cc; sourceTree = "<group>"; };
		CC157A84179D15C60068A54E /* FileUtils.hh */ = {isa = PBXFileReference; fileEncoding = 4; lastKnownFileType = sourcecode.cpp.h; path = FileUtils.hh; sourceTree = "<group>"; };
		CC157A85179D15C60068A54E /* GfxSprite.hh */ = {isa = PBXFileReference; fileEncoding = 4; lastKnownFileType = sourcecode.cpp.h; path = GfxSprite.hh; sourceTree = "<group>"; };
		CC157A86179D15C60068A54E /* InputManagerView.cc */ = {isa = PBXFileReference; fileEncoding = 4; lastKnownFileType = sourcecode.cpp.cpp; path = InputManagerView.cc; sourceTree = "<group>"; };
		CC157A87179D15C60068A54E /* InputManagerView.hh */ = {isa = PBXFileReference; fileEncoding = 4; lastKnownFileType = sourcecode.cpp.h; path = InputManagerView.hh; sourceTree = "<group>"; };
		CC157A88179D15C60068A54E /* MenuView.cc */ = {isa = PBXFileReference; fileEncoding = 4; lastKnownFileType = sourcecode.cpp.cpp; path = MenuView.cc; sourceTree = "<group>"; };
		CC157A89179D15C60068A54E /* MenuView.hh */ = {isa = PBXFileReference; fileEncoding = 4; lastKnownFileType = sourcecode.cpp.h; path = MenuView.hh; sourceTree = "<group>"; };
		CC157A8A179D15C60068A54E /* MsgPopup.cc */ = {isa = PBXFileReference; fileEncoding = 4; lastKnownFileType = sourcecode.cpp.cpp; path = MsgPopup.cc; sourceTree = "<group>"; };
		CC157A8B179D15C60068A54E /* MsgPopup.hh */ = {isa = PBXFileReference; fileEncoding = 4; lastKnownFileType = sourcecode.cpp.h; path = MsgPopup.hh; sourceTree = "<group>"; };
		CC157A8C179D15C60068A54E /* Option.hh */ = {isa = PBXFileReference; fileEncoding = 4; lastKnownFileType = sourcecode.cpp.h; path = Option.hh; sourceTree = "<group>"; };
		CC157A8D179D15C60068A54E /* OptionView.cc */ = {isa = PBXFileReference; fileEncoding = 4; lastKnownFileType = sourcecode.cpp.cpp; path = OptionView.cc; sourceTree = "<group>"; };
		CC157A8E179D15C60068A54E /* OptionView.hh */ = {isa = PBXFileReference; fileEncoding = 4; lastKnownFileType = sourcecode.cpp.h; path = OptionView.hh; sourceTree = "<group>"; };
		CC157A8F179D15C60068A54E /* Recent.cc */ = {isa = PBXFileReference; fileEncoding = 4; lastKnownFileType = sourcecode.cpp.cpp; path = Recent.cc; sourceTree = "<group>"; };
		CC157A90179D15C60068A54E /* Recent.hh */ = {isa = PBXFileReference; fileEncoding = 4; lastKnownFileType = sourcecode.cpp.h; path = Recent.hh; sourceTree = "<group>"; };
		CC157A91179D15C60068A54E /* Screenshot.cc */ = {isa = PBXFileReference; fileEncoding = 4; lastKnownFileType = sourcecode.cpp.cpp; path = Screenshot.cc; sourceTree = "<group>"; };
		CC157A92179D15C60068A54E /* Screenshot.hh */ = {isa = PBXFileReference; fileEncoding = 4; lastKnownFileType = sourcecode.cpp.h; path = Screenshot.hh; sourceTree = "<group>"; };
		CC157A93179D15C60068A54E /* StateSlotView.cc */ = {isa = PBXFileReference; fileEncoding = 4; lastKnownFileType = sourcecode.cpp.cpp; path = StateSlotView.cc; sourceTree = "<group>"; };
		CC157A94179D15C60068A54E /* StateSlotView.hh */ = {isa = PBXFileReference; fileEncoding = 4; lastKnownFileType = sourcecode.cpp.h; path = StateSlotView.hh; sourceTree = "<group>"; };
		CC157A95179D15C60068A54E /* TextEntry.cc */ = {isa = PBXFileReference; fileEncoding = 4; lastKnownFileType = sourcecode.cpp.cpp; path = TextEntry.cc; sourceTree = "<group>"; };
		CC157A96179D15C60068A54E /* TextEntry.hh */ = {isa = PBXFileReference; fileEncoding = 4; lastKnownFileType = sourcecode.cpp.h; path = TextEntry.hh; sourceTree = "<group>"; };
		CC157A97179D15C60068A54E /* TouchConfigView.cc */ = {isa = PBXFileReference; fileEncoding = 4; lastKnownFileType = sourcecode.cpp.cpp; path = TouchConfigView.cc; sourceTree = "<group>"; };
		CC157A98179D15C60068A54E /* TouchConfigView.hh */ = {isa = PBXFileReference; fileEncoding = 4; lastKnownFileType = sourcecode.cpp.h; path = TouchConfigView.hh; sourceTree = "<group>"; };
		CC157A99179D15C60068A54E /* TurboInput.hh */ = {isa = PBXFileReference; fileEncoding = 4; lastKnownFileType = sourcecode.cpp.h; path = TurboInput.hh; sourceTree = "<group>"; };
		CC157A9A179D15C60068A54E /* VController.cc */ = {isa = PBXFileReference; fileEncoding = 4; lastKnownFileType = sourcecode.cpp.cpp; path = VController.cc; sourceTree = "<group>"; };
		CC157A9B179D15C60068A54E /* VController.hh */ = {isa = PBXFileReference; fileEncoding = 4; lastKnownFileType = sourcecode.cpp.h; path = VController.hh; sourceTree = "<group>"; };
		CC157A9C179D15C60068A54E /* VideoImageOverlay.cc */ = {isa = PBXFileReference; fileEncoding = 4; lastKnownFileType = sourcecode.cpp.cpp; path = VideoImageOverlay.cc; sourceTree = "<group>"; };
		CC157A9D179D15C60068A54E /* VideoImageOverlay.hh */ = {isa = PBXFileReference; fileEncoding = 4; lastKnownFileType = sourcecode.cpp.h; path = VideoImageOverlay.hh; sourceTree = "<group>"; };
		CC2D56FC1798F2EC00C616EB /* GBA4iOS.app */ = {isa = PBXFileReference; explicitFileType = wrapper.application; includeInIndex = 0; path = GBA4iOS.app; sourceTree = BUILT_PRODUCTS_DIR; };
		CC2D56FF1798F2EC00C616EB /* Foundation.framework */ = {isa = PBXFileReference; lastKnownFileType = wrapper.framework; name = Foundation.framework; path = System/Library/Frameworks/Foundation.framework; sourceTree = SDKROOT; };
		CC2D57011798F2EC00C616EB /* CoreGraphics.framework */ = {isa = PBXFileReference; lastKnownFileType = wrapper.framework; name = CoreGraphics.framework; path = System/Library/Frameworks/CoreGraphics.framework; sourceTree = SDKROOT; };
		CC2D57031798F2EC00C616EB /* UIKit.framework */ = {isa = PBXFileReference; lastKnownFileType = wrapper.framework; name = UIKit.framework; path = System/Library/Frameworks/UIKit.framework; sourceTree = SDKROOT; };
		CC2D57071798F2EC00C616EB /* GBA4iOS-Info.plist */ = {isa = PBXFileReference; lastKnownFileType = text.plist.xml; path = "GBA4iOS-Info.plist"; sourceTree = "<group>"; };
		CC2D57091798F2EC00C616EB /* en */ = {isa = PBXFileReference; lastKnownFileType = text.plist.strings; name = en; path = en.lproj/InfoPlist.strings; sourceTree = "<group>"; };
		CC2D570B1798F2EC00C616EB /* main.m */ = {isa = PBXFileReference; lastKnownFileType = sourcecode.c.objc; path = main.m; sourceTree = "<group>"; };
		CC2D570D1798F2EC00C616EB /* GBA4iOS-Prefix.pch */ = {isa = PBXFileReference; lastKnownFileType = sourcecode.c.h; path = "GBA4iOS-Prefix.pch"; sourceTree = "<group>"; };
		CC2D570E1798F2EC00C616EB /* GBAAppDelegate.h */ = {isa = PBXFileReference; lastKnownFileType = sourcecode.c.h; path = GBAAppDelegate.h; sourceTree = "<group>"; };
		CC2D570F1798F2EC00C616EB /* GBAAppDelegate.m */ = {isa = PBXFileReference; lastKnownFileType = sourcecode.c.objc; path = GBAAppDelegate.m; sourceTree = "<group>"; };
		CC2D57121798F2EC00C616EB /* Base */ = {isa = PBXFileReference; lastKnownFileType = file.storyboard; name = Base; path = Base.lproj/Main_iPhone.storyboard; sourceTree = "<group>"; };
		CC2D57151798F2EC00C616EB /* Base */ = {isa = PBXFileReference; lastKnownFileType = file.storyboard; name = Base; path = Base.lproj/Main_iPad.storyboard; sourceTree = "<group>"; };
		CC2D571A1798F2EC00C616EB /* Images.xcassets */ = {isa = PBXFileReference; lastKnownFileType = folder.assetcatalog; path = Images.xcassets; sourceTree = "<group>"; };
		CC2D57201798F2ED00C616EB /* GBA4iOSTests.xctest */ = {isa = PBXFileReference; explicitFileType = wrapper.cfbundle; includeInIndex = 0; path = GBA4iOSTests.xctest; sourceTree = BUILT_PRODUCTS_DIR; };
		CC2D57211798F2ED00C616EB /* XCTest.framework */ = {isa = PBXFileReference; lastKnownFileType = wrapper.framework; name = XCTest.framework; path = Library/Frameworks/XCTest.framework; sourceTree = DEVELOPER_DIR; };
		CC2D57291798F2ED00C616EB /* GBA4iOSTests-Info.plist */ = {isa = PBXFileReference; lastKnownFileType = text.plist.xml; path = "GBA4iOSTests-Info.plist"; sourceTree = "<group>"; };
		CC2D572B1798F2ED00C616EB /* en */ = {isa = PBXFileReference; lastKnownFileType = text.plist.strings; name = en; path = en.lproj/InfoPlist.strings; sourceTree = "<group>"; };
		CC2D572D1798F2ED00C616EB /* GBA4iOSTests.m */ = {isa = PBXFileReference; lastKnownFileType = sourcecode.c.objc; path = GBA4iOSTests.m; sourceTree = "<group>"; };
		CC2D57391798F42700C616EB /* DocWatchHelper.h */ = {isa = PBXFileReference; fileEncoding = 4; lastKnownFileType = sourcecode.c.h; path = DocWatchHelper.h; sourceTree = "<group>"; };
		CC2D573A1798F42700C616EB /* DocWatchHelper.m */ = {isa = PBXFileReference; fileEncoding = 4; lastKnownFileType = sourcecode.c.objc; path = DocWatchHelper.m; sourceTree = "<group>"; };
		CC2D573F1798F44700C616EB /* GBAROMTableViewController.h */ = {isa = PBXFileReference; fileEncoding = 4; lastKnownFileType = sourcecode.c.h; path = GBAROMTableViewController.h; sourceTree = "<group>"; };
		CC2D57401798F44700C616EB /* GBAROMTableViewController.m */ = {isa = PBXFileReference; fileEncoding = 4; lastKnownFileType = sourcecode.c.objc; path = GBAROMTableViewController.m; sourceTree = "<group>"; };
		CC8BB0B11799A4D900F9864F /* GBAEmulationViewController.h */ = {isa = PBXFileReference; fileEncoding = 4; lastKnownFileType = sourcecode.c.h; path = GBAEmulationViewController.h; sourceTree = "<group>"; };
		CC8BB0B21799A4D900F9864F /* GBAEmulationViewController.m */ = {isa = PBXFileReference; fileEncoding = 4; lastKnownFileType = sourcecode.c.objc; path = GBAEmulationViewController.m; sourceTree = "<group>"; };
		DC7FC68338514E99889F3D95 /* libPods.a */ = {isa = PBXFileReference; explicitFileType = archive.ar; includeInIndex = 0; path = libPods.a; sourceTree = BUILT_PRODUCTS_DIR; };
		E497718ED60948D8A50CF8AA /* Pods.xcconfig */ = {isa = PBXFileReference; includeInIndex = 1; lastKnownFileType = text.xcconfig; name = Pods.xcconfig; path = Pods/Pods.xcconfig; sourceTree = SOURCE_ROOT; };
/* End PBXFileReference section */

/* Begin PBXFrameworksBuildPhase section */
		CC2D56F91798F2EC00C616EB /* Frameworks */ = {
			isa = PBXFrameworksBuildPhase;
			buildActionMask = 2147483647;
			files = (
				CC1577D8179CF1F80068A54E /* libz.dylib in Frameworks */,
				CC1577D2179CF1B90068A54E /* AudioToolbox.framework in Frameworks */,
				CC1577D3179CF1B90068A54E /* CoreAudio.framework in Frameworks */,
				CC1577D4179CF1B90068A54E /* CoreFoundation.framework in Frameworks */,
				CC1577D5179CF1B90068A54E /* MessageUI.framework in Frameworks */,
				CC1577D6179CF1B90068A54E /* QuartzCore.framework in Frameworks */,
				CC2D57021798F2EC00C616EB /* CoreGraphics.framework in Frameworks */,
				CC2D57041798F2EC00C616EB /* UIKit.framework in Frameworks */,
				CC2D57001798F2EC00C616EB /* Foundation.framework in Frameworks */,
				581D3893B2BF44B9AE8320E5 /* libPods.a in Frameworks */,
			);
			runOnlyForDeploymentPostprocessing = 0;
		};
		CC2D571D1798F2ED00C616EB /* Frameworks */ = {
			isa = PBXFrameworksBuildPhase;
			buildActionMask = 2147483647;
			files = (
				CC2D57221798F2ED00C616EB /* XCTest.framework in Frameworks */,
				CC2D57241798F2ED00C616EB /* UIKit.framework in Frameworks */,
				CC2D57231798F2ED00C616EB /* Foundation.framework in Frameworks */,
			);
			runOnlyForDeploymentPostprocessing = 0;
		};
/* End PBXFrameworksBuildPhase section */

/* Begin PBXGroup section */
		CC1578A6179D051E0068A54E /* Emulator Code */ = {
			isa = PBXGroup;
			children = (
				CC1578CA179D07EC0068A54E /* GBA */,
			);
			name = "Emulator Code";
			sourceTree = "<group>";
		};
		CC1578CA179D07EC0068A54E /* GBA */ = {
			isa = PBXGroup;
			children = (
				CC157A70179D15C60068A54E /* EmuFramework */,
				CC1579A1179D11810068A54E /* imagine */,
				CC1578F1179D08140068A54E /* minizip */,
				CC1578CB179D07F10068A54E /* libpng */,
			);
			name = GBA;
			sourceTree = "<group>";
		};
		CC1578CB179D07F10068A54E /* libpng */ = {
			isa = PBXGroup;
			children = (
				CC1578CC179D08020068A54E /* png.c */,
				CC1578CD179D08020068A54E /* png.h */,
				CC1578CE179D08020068A54E /* pngconf.h */,
				CC1578CF179D08020068A54E /* pngdebug.h */,
				CC1578D0179D08020068A54E /* pngerror.c */,
				CC1578D1179D08020068A54E /* pngget.c */,
				CC1578D2179D08020068A54E /* pnginfo.h */,
				CC1578D3179D08020068A54E /* pnglibconf.h */,
				CC1578D4179D08020068A54E /* pngmem.c */,
				CC1578D5179D08020068A54E /* pngpread.c */,
				CC1578D6179D08020068A54E /* pngpriv.h */,
				CC1578D7179D08020068A54E /* pngread.c */,
				CC1578D8179D08020068A54E /* pngrio.c */,
				CC1578D9179D08020068A54E /* pngrtran.c */,
				CC1578DA179D08020068A54E /* pngrutil.c */,
				CC1578DB179D08020068A54E /* pngset.c */,
				CC1578DC179D08020068A54E /* pngstruct.h */,
				CC1578DD179D08020068A54E /* pngtrans.c */,
				CC1578DE179D08020068A54E /* pngwio.c */,
				CC1578DF179D08020068A54E /* pngwrite.c */,
				CC1578E0179D08020068A54E /* pngwtran.c */,
				CC1578E1179D08020068A54E /* pngwutil.c */,
			);
			name = libpng;
			sourceTree = "<group>";
		};
		CC1578F1179D08140068A54E /* minizip */ = {
			isa = PBXGroup;
			children = (
				CC1578FF179D08530068A54E /* crypt.h */,
				CC157900179D08530068A54E /* ioapi.c */,
				CC157901179D08530068A54E /* ioapi.h */,
				CC157902179D08530068A54E /* mztools.c */,
				CC157903179D08530068A54E /* mztools.h */,
				CC157904179D08530068A54E /* unzip.c */,
				CC157905179D08530068A54E /* unzip.h */,
				CC157906179D08530068A54E /* zip.c */,
				CC157907179D08530068A54E /* zip.h */,
			);
			name = minizip;
			sourceTree = "<group>";
		};
		CC1579A1179D11810068A54E /* imagine */ = {
			isa = PBXGroup;
			children = (
				CC1579A2179D11810068A54E /* AlertView.cc */,
				CC1579A3179D11810068A54E /* apple.mm */,
				CC1579A4179D11810068A54E /* base */,
				CC1579A6179D11810068A54E /* commit.hh */,
				CC1579A7179D11810068A54E /* config */,
				CC1579A9179D11810068A54E /* config.h */,
				CC1579AA179D11810068A54E /* coreaudio.cc */,
				CC1579AB179D11810068A54E /* drawable */,
				CC1579AE179D11810068A54E /* engine-globals.h */,
				CC1579AF179D11810068A54E /* FSPicker.cc */,
				CC1579B0179D11810068A54E /* FSPicker.hh */,
				CC1579B1179D11810068A54E /* FsPosix.cc */,
				CC1579B2179D11810068A54E /* FsPosix.hh */,
				CC1579B3179D11810068A54E /* geometry.hh */,
				CC1579B4179D11810068A54E /* gfx */,
				CC1579B7179D11810068A54E /* glStateCache.h */,
				CC1579B8179D11810068A54E /* gui */,
				CC1579BD179D11810068A54E /* GuiTable1D.cc */,
				CC1579BE179D11810068A54E /* GuiTable1D.hh */,
				CC1579BF179D11810068A54E /* Io.cc */,
				CC1579C0179D11810068A54E /* Io.hh */,
				CC1579C1179D11810068A54E /* IoFd.cc */,
				CC1579C2179D11810068A54E /* IoFd.hh */,
				CC1579C3179D11810068A54E /* IoMmap.cc */,
				CC1579C4179D11810068A54E /* IoMmap.hh */,
				CC1579C5179D11810068A54E /* IoMmapFd.cc */,
				CC1579C6179D11810068A54E /* IoMmapFd.hh */,
				CC1579C7179D11810068A54E /* iphone.mm */,
				CC1579C8179D11810068A54E /* logger */,
				CC1579CA179D11810068A54E /* logger.cc */,
				CC1579CB179D11810068A54E /* MainApp.h */,
				CC1579CC179D11810068A54E /* MenuItem.cc */,
				CC1579CD179D11810068A54E /* NavView.cc */,
				CC1579CE179D11810068A54E /* opengl.cc */,
				CC1579CF179D11810068A54E /* pixmap */,
				CC1579D1179D11810068A54E /* Pixmap.cc */,
				CC1579D2179D11810068A54E /* Quartz2d.cc */,
				CC1579D3179D11810068A54E /* Quartz2d.hh */,
				CC1579D4179D11810068A54E /* Quartz2dUIKit.mm */,
				CC1579D5179D11810068A54E /* ResourceFace.cc */,
				CC1579D6179D11810068A54E /* ResourceFace.hh */,
				CC1579D7179D11810068A54E /* ResourceFont.cc */,
				CC1579D8179D11810068A54E /* ResourceFont.h */,
				CC1579D9179D11810068A54E /* ResourceFontUIKit.mm */,
				CC1579DA179D11810068A54E /* RSTExtras.mm */,
				CC1579DB179D11810068A54E /* ScrollableGuiTable1D.cc */,
				CC1579DC179D11810068A54E /* ScrollView1D.cc */,
				CC1579DD179D11810068A54E /* ScrollView1D.hh */,
				CC1579DE179D11810068A54E /* settings.h */,
				CC1579DF179D11810068A54E /* startup-shutdown.h */,
				CC1579E0179D11810068A54E /* texture.hh */,
				CC1579E1179D11810068A54E /* transforms.hh */,
				CC1579E2179D11810068A54E /* util */,
				CC1579E7179D11810068A54E /* utils.h */,
				CC1579E8179D11810068A54E /* View.cc */,
				CC1579E9179D11810068A54E /* View.hh */,
			);
			name = imagine;
			path = "Emulator Code/GBA/imagine";
			sourceTree = "<group>";
		};
		CC1579A4179D11810068A54E /* base */ = {
			isa = PBXGroup;
			children = (
				CC1579A5179D11810068A54E /* Base.hh */,
			);
			path = base;
			sourceTree = "<group>";
		};
		CC1579A7179D11810068A54E /* config */ = {
			isa = PBXGroup;
			children = (
				CC1579A8179D11810068A54E /* env.hh */,
			);
			path = config;
			sourceTree = "<group>";
		};
		CC1579AB179D11810068A54E /* drawable */ = {
			isa = PBXGroup;
			children = (
				CC1579AC179D11810068A54E /* quad.hh */,
				CC1579AD179D11810068A54E /* sprite.hh */,
			);
			path = drawable;
			sourceTree = "<group>";
		};
		CC1579B4179D11810068A54E /* gfx */ = {
			isa = PBXGroup;
			children = (
				CC1579B5179D11810068A54E /* Gfx.hh */,
				CC1579B6179D11810068A54E /* GfxText.hh */,
			);
			path = gfx;
			sourceTree = "<group>";
		};
		CC1579B8179D11810068A54E /* gui */ = {
			isa = PBXGroup;
			children = (
				CC1579B9179D11810068A54E /* AlertView.hh */,
				CC1579BA179D11810068A54E /* MenuItem */,
				CC1579BC179D11810068A54E /* NavView.hh */,
			);
			path = gui;
			sourceTree = "<group>";
		};
		CC1579BA179D11810068A54E /* MenuItem */ = {
			isa = PBXGroup;
			children = (
				CC1579BB179D11810068A54E /* MenuItem.hh */,
			);
			path = MenuItem;
			sourceTree = "<group>";
		};
		CC1579C8179D11810068A54E /* logger */ = {
			isa = PBXGroup;
			children = (
				CC1579C9179D11810068A54E /* interface.h */,
			);
			path = logger;
			sourceTree = "<group>";
		};
		CC1579CF179D11810068A54E /* pixmap */ = {
			isa = PBXGroup;
			children = (
				CC1579D0179D11810068A54E /* Pixmap.hh */,
			);
			path = pixmap;
			sourceTree = "<group>";
		};
		CC1579E2179D11810068A54E /* util */ = {
			isa = PBXGroup;
			children = (
				CC1579E3179D11810068A54E /* rectangle2.h */,
				CC1579E4179D11810068A54E /* string */,
				CC1579E6179D11810068A54E /* strings.h */,
			);
			path = util;
			sourceTree = "<group>";
		};
		CC1579E4179D11810068A54E /* string */ = {
			isa = PBXGroup;
			children = (
				CC1579E5179D11810068A54E /* apple.h */,
			);
			path = string;
			sourceTree = "<group>";
		};
		CC157A70179D15C60068A54E /* EmuFramework */ = {
			isa = PBXGroup;
			children = (
				CC157A71179D15C60068A54E /* ButtonConfigView.cc */,
				CC157A72179D15C60068A54E /* ButtonConfigView.hh */,
				CC157A73179D15C60068A54E /* Cheats.cc */,
				CC157A74179D15C60068A54E /* Cheats.hh */,
				CC157A75179D15C60068A54E /* ConfigFile.cc */,
				CC157A76179D15C60068A54E /* ConfigFile.hh */,
				CC157A77179D15C60068A54E /* CreditsView.cc */,
				CC157A78179D15C60068A54E /* CreditsView.hh */,
				CC157A79179D15C60068A54E /* EmuInput.cc */,
				CC157A7A179D15C60068A54E /* EmuInput.hh */,
				CC157A7B179D15C60068A54E /* EmuOptions.cc */,
				CC157A7C179D15C60068A54E /* EmuOptions.hh */,
				CC157A7D179D15C60068A54E /* EmuSystem.cc */,
				CC157A7E179D15C60068A54E /* EmuSystem.hh */,
				CC157A7F179D15C60068A54E /* EmuView.cc */,
				CC157A80179D15C60068A54E /* EmuView.hh */,
				CC157A81179D15C60068A54E /* FilePicker.cc */,
				CC157A82179D15C60068A54E /* FilePicker.hh */,
				CC157A83179D15C60068A54E /* FileUtils.cc */,
				CC157A84179D15C60068A54E /* FileUtils.hh */,
				CC157A85179D15C60068A54E /* GfxSprite.hh */,
				CC157A86179D15C60068A54E /* InputManagerView.cc */,
				CC157A87179D15C60068A54E /* InputManagerView.hh */,
				CC157A88179D15C60068A54E /* MenuView.cc */,
				CC157A89179D15C60068A54E /* MenuView.hh */,
				CC157A8A179D15C60068A54E /* MsgPopup.cc */,
				CC157A8B179D15C60068A54E /* MsgPopup.hh */,
				CC157A8C179D15C60068A54E /* Option.hh */,
				CC157A8D179D15C60068A54E /* OptionView.cc */,
				CC157A8E179D15C60068A54E /* OptionView.hh */,
				CC157A8F179D15C60068A54E /* Recent.cc */,
				CC157A90179D15C60068A54E /* Recent.hh */,
				CC157A91179D15C60068A54E /* Screenshot.cc */,
				CC157A92179D15C60068A54E /* Screenshot.hh */,
				CC157A93179D15C60068A54E /* StateSlotView.cc */,
				CC157A94179D15C60068A54E /* StateSlotView.hh */,
				CC157A95179D15C60068A54E /* TextEntry.cc */,
				CC157A96179D15C60068A54E /* TextEntry.hh */,
				CC157A97179D15C60068A54E /* TouchConfigView.cc */,
				CC157A98179D15C60068A54E /* TouchConfigView.hh */,
				CC157A99179D15C60068A54E /* TurboInput.hh */,
				CC157A9A179D15C60068A54E /* VController.cc */,
				CC157A9B179D15C60068A54E /* VController.hh */,
				CC157A9C179D15C60068A54E /* VideoImageOverlay.cc */,
				CC157A9D179D15C60068A54E /* VideoImageOverlay.hh */,
			);
			name = EmuFramework;
			path = "Emulator Code/GBA/EmuFramework";
			sourceTree = "<group>";
		};
		CC2D56F31798F2EC00C616EB = {
			isa = PBXGroup;
			children = (
				CC2D57051798F2EC00C616EB /* GBA4iOS */,
				CC2D57381798F40E00C616EB /* Resources */,
				CC2D57271798F2ED00C616EB /* GBA4iOSTests */,
				CC2D56FE1798F2EC00C616EB /* Frameworks */,
				CC2D56FD1798F2EC00C616EB /* Products */,
				E497718ED60948D8A50CF8AA /* Pods.xcconfig */,
			);
			sourceTree = "<group>";
		};
		CC2D56FD1798F2EC00C616EB /* Products */ = {
			isa = PBXGroup;
			children = (
				CC2D56FC1798F2EC00C616EB /* GBA4iOS.app */,
				CC2D57201798F2ED00C616EB /* GBA4iOSTests.xctest */,
			);
			name = Products;
			sourceTree = "<group>";
		};
		CC2D56FE1798F2EC00C616EB /* Frameworks */ = {
			isa = PBXGroup;
			children = (
				CC1577D7179CF1F80068A54E /* libz.dylib */,
				CC1577CD179CF1B90068A54E /* AudioToolbox.framework */,
				CC1577CE179CF1B90068A54E /* CoreAudio.framework */,
				CC1577CF179CF1B90068A54E /* CoreFoundation.framework */,
				CC1577D0179CF1B90068A54E /* MessageUI.framework */,
				CC1577D1179CF1B90068A54E /* QuartzCore.framework */,
				CC1577CA179CF1850068A54E /* libGBAEmulator.a */,
				CC2D56FF1798F2EC00C616EB /* Foundation.framework */,
				CC2D57011798F2EC00C616EB /* CoreGraphics.framework */,
				CC2D57031798F2EC00C616EB /* UIKit.framework */,
				CC2D57211798F2ED00C616EB /* XCTest.framework */,
				DC7FC68338514E99889F3D95 /* libPods.a */,
			);
			name = Frameworks;
			sourceTree = "<group>";
		};
		CC2D57051798F2EC00C616EB /* GBA4iOS */ = {
			isa = PBXGroup;
			children = (
				CC2D570E1798F2EC00C616EB /* GBAAppDelegate.h */,
				CC2D570F1798F2EC00C616EB /* GBAAppDelegate.m */,
				CC2D573F1798F44700C616EB /* GBAROMTableViewController.h */,
				CC2D57401798F44700C616EB /* GBAROMTableViewController.m */,
				CC2D57371798F3FA00C616EB /* ROM Selection */,
				CC8BB0611799A21000F9864F /* Emulation View Controller */,
				CC1578A6179D051E0068A54E /* Emulator Code */,
				CC2D57111798F2EC00C616EB /* Main_iPhone.storyboard */,
				CC2D57141798F2EC00C616EB /* Main_iPad.storyboard */,
				CC2D57061798F2EC00C616EB /* Supporting Files */,
			);
			path = GBA4iOS;
			sourceTree = "<group>";
		};
		CC2D57061798F2EC00C616EB /* Supporting Files */ = {
			isa = PBXGroup;
			children = (
				CC2D57071798F2EC00C616EB /* GBA4iOS-Info.plist */,
				CC2D57081798F2EC00C616EB /* InfoPlist.strings */,
				CC2D570B1798F2EC00C616EB /* main.m */,
				CC2D570D1798F2EC00C616EB /* GBA4iOS-Prefix.pch */,
			);
			name = "Supporting Files";
			sourceTree = "<group>";
		};
		CC2D57271798F2ED00C616EB /* GBA4iOSTests */ = {
			isa = PBXGroup;
			children = (
				CC2D572D1798F2ED00C616EB /* GBA4iOSTests.m */,
				CC2D57281798F2ED00C616EB /* Supporting Files */,
			);
			path = GBA4iOSTests;
			sourceTree = "<group>";
		};
		CC2D57281798F2ED00C616EB /* Supporting Files */ = {
			isa = PBXGroup;
			children = (
				CC2D57291798F2ED00C616EB /* GBA4iOSTests-Info.plist */,
				CC2D572A1798F2ED00C616EB /* InfoPlist.strings */,
			);
			name = "Supporting Files";
			sourceTree = "<group>";
		};
		CC2D57371798F3FA00C616EB /* ROM Selection */ = {
			isa = PBXGroup;
			children = (
				CC2D57391798F42700C616EB /* DocWatchHelper.h */,
				CC2D573A1798F42700C616EB /* DocWatchHelper.m */,
			);
			name = "ROM Selection";
			sourceTree = "<group>";
		};
		CC2D57381798F40E00C616EB /* Resources */ = {
			isa = PBXGroup;
			children = (
				CC2D571A1798F2EC00C616EB /* Images.xcassets */,
			);
			name = Resources;
			path = GBA4iOS;
			sourceTree = "<group>";
		};
		CC8BB0611799A21000F9864F /* Emulation View Controller */ = {
			isa = PBXGroup;
			children = (
				CC8BB0B11799A4D900F9864F /* GBAEmulationViewController.h */,
				CC8BB0B21799A4D900F9864F /* GBAEmulationViewController.m */,
			);
			name = "Emulation View Controller";
			sourceTree = "<group>";
		};
/* End PBXGroup section */

/* Begin PBXNativeTarget section */
		CC2D56FB1798F2EC00C616EB /* GBA4iOS */ = {
			isa = PBXNativeTarget;
			buildConfigurationList = CC2D57311798F2ED00C616EB /* Build configuration list for PBXNativeTarget "GBA4iOS" */;
			buildPhases = (
				8425BE13A2E54429AF8E3815 /* Check Pods Manifest.lock */,
				CC2D56F81798F2EC00C616EB /* Sources */,
				CC2D56F91798F2EC00C616EB /* Frameworks */,
				CC2D56FA1798F2EC00C616EB /* Resources */,
				FE023BCB446F47D5895A54D5 /* Copy Pods Resources */,
			);
			buildRules = (
			);
			dependencies = (
			);
			name = GBA4iOS;
			productName = GBA4iOS;
			productReference = CC2D56FC1798F2EC00C616EB /* GBA4iOS.app */;
			productType = "com.apple.product-type.application";
		};
		CC2D571F1798F2ED00C616EB /* GBA4iOSTests */ = {
			isa = PBXNativeTarget;
			buildConfigurationList = CC2D57341798F2ED00C616EB /* Build configuration list for PBXNativeTarget "GBA4iOSTests" */;
			buildPhases = (
				CC2D571C1798F2ED00C616EB /* Sources */,
				CC2D571D1798F2ED00C616EB /* Frameworks */,
				CC2D571E1798F2ED00C616EB /* Resources */,
			);
			buildRules = (
			);
			dependencies = (
				CC2D57261798F2ED00C616EB /* PBXTargetDependency */,
			);
			name = GBA4iOSTests;
			productName = GBA4iOSTests;
			productReference = CC2D57201798F2ED00C616EB /* GBA4iOSTests.xctest */;
			productType = "com.apple.product-type.bundle.unit-test";
		};
/* End PBXNativeTarget section */

/* Begin PBXProject section */
		CC2D56F41798F2EC00C616EB /* Project object */ = {
			isa = PBXProject;
			attributes = {
				CLASSPREFIX = GBA;
				LastUpgradeCheck = 0500;
				ORGANIZATIONNAME = "Riley Testut";
				TargetAttributes = {
					CC2D56FB1798F2EC00C616EB = {
						DevelopmentTeam = 6XVY5G3U44;
					};
					CC2D571F1798F2ED00C616EB = {
						TestTargetID = CC2D56FB1798F2EC00C616EB;
					};
				};
			};
			buildConfigurationList = CC2D56F71798F2EC00C616EB /* Build configuration list for PBXProject "GBA4iOS" */;
			compatibilityVersion = "Xcode 3.2";
			developmentRegion = English;
			hasScannedForEncodings = 0;
			knownRegions = (
				en,
				Base,
			);
			mainGroup = CC2D56F31798F2EC00C616EB;
			productRefGroup = CC2D56FD1798F2EC00C616EB /* Products */;
			projectDirPath = "";
			projectRoot = "";
			targets = (
				CC2D56FB1798F2EC00C616EB /* GBA4iOS */,
				CC2D571F1798F2ED00C616EB /* GBA4iOSTests */,
			);
		};
/* End PBXProject section */

/* Begin PBXResourcesBuildPhase section */
		CC2D56FA1798F2EC00C616EB /* Resources */ = {
			isa = PBXResourcesBuildPhase;
			buildActionMask = 2147483647;
			files = (
				CC2D571B1798F2EC00C616EB /* Images.xcassets in Resources */,
				CC9B5987179906E700DD9067 /* Main_iPad.storyboard in Resources */,
				CC2D570A1798F2EC00C616EB /* InfoPlist.strings in Resources */,
				CC9B5986179906E700DD9067 /* Main_iPhone.storyboard in Resources */,
			);
			runOnlyForDeploymentPostprocessing = 0;
		};
		CC2D571E1798F2ED00C616EB /* Resources */ = {
			isa = PBXResourcesBuildPhase;
			buildActionMask = 2147483647;
			files = (
				CC2D572C1798F2ED00C616EB /* InfoPlist.strings in Resources */,
			);
			runOnlyForDeploymentPostprocessing = 0;
		};
/* End PBXResourcesBuildPhase section */

/* Begin PBXShellScriptBuildPhase section */
		8425BE13A2E54429AF8E3815 /* Check Pods Manifest.lock */ = {
			isa = PBXShellScriptBuildPhase;
			buildActionMask = 2147483647;
			files = (
			);
			inputPaths = (
			);
			name = "Check Pods Manifest.lock";
			outputPaths = (
			);
			runOnlyForDeploymentPostprocessing = 0;
			shellPath = /bin/sh;
			shellScript = "diff \"${PODS_ROOT}/../Podfile.lock\" \"${PODS_ROOT}/Manifest.lock\" > /dev/null\nif [[ $? != 0 ]] ; then\n    cat << EOM\nerror: The sandbox is not in sync with the Podfile.lock. Run 'pod install' or update your CocoaPods installation.\nEOM\n    exit 1\nfi\n";
		};
		FE023BCB446F47D5895A54D5 /* Copy Pods Resources */ = {
			isa = PBXShellScriptBuildPhase;
			buildActionMask = 2147483647;
			files = (
			);
			inputPaths = (
			);
			name = "Copy Pods Resources";
			outputPaths = (
			);
			runOnlyForDeploymentPostprocessing = 0;
			shellPath = /bin/sh;
			shellScript = "\"${SRCROOT}/Pods/Pods-resources.sh\"\n";
		};
/* End PBXShellScriptBuildPhase section */

/* Begin PBXSourcesBuildPhase section */
		CC2D56F81798F2EC00C616EB /* Sources */ = {
			isa = PBXSourcesBuildPhase;
			buildActionMask = 2147483647;
			files = (
				CC1579F2179D11810068A54E /* IoMmap.cc in Sources */,
				CC1578E5179D08020068A54E /* pngmem.c in Sources */,
				CC157A01179D11810068A54E /* ScrollView1D.cc in Sources */,
				CC1579FD179D11810068A54E /* ResourceFont.cc in Sources */,
				CC157AAF179D15C60068A54E /* TextEntry.cc in Sources */,
				CC2D570C1798F2EC00C616EB /* main.m in Sources */,
				CC157AB2179D15C60068A54E /* VideoImageOverlay.cc in Sources */,
				CC157AA3179D15C60068A54E /* EmuOptions.cc in Sources */,
				CC1579EC179D11810068A54E /* coreaudio.cc in Sources */,
				CC2D57101798F2EC00C616EB /* GBAAppDelegate.m in Sources */,
				CC1579EA179D11810068A54E /* AlertView.cc in Sources */,
				CC1578E3179D08020068A54E /* pngerror.c in Sources */,
				CC1578EA179D08020068A54E /* pngrutil.c in Sources */,
				CC2D573D1798F42700C616EB /* DocWatchHelper.m in Sources */,
				CC157908179D08530068A54E /* ioapi.c in Sources */,
				CC1578EF179D08020068A54E /* pngwtran.c in Sources */,
				CC1578ED179D08020068A54E /* pngwio.c in Sources */,
				CC15790B179D08530068A54E /* zip.c in Sources */,
				CC157A00179D11810068A54E /* ScrollableGuiTable1D.cc in Sources */,
				CC1579F5179D11810068A54E /* logger.cc in Sources */,
				CC1578E7179D08020068A54E /* pngread.c in Sources */,
				CC1578E2179D08020068A54E /* png.c in Sources */,
				CC1579FF179D11810068A54E /* RSTExtras.mm in Sources */,
				CC1578EE179D08020068A54E /* pngwrite.c in Sources */,
				CC1579F0179D11810068A54E /* Io.cc in Sources */,
				CC1578EC179D08020068A54E /* pngtrans.c in Sources */,
				CC157AA0179D15C60068A54E /* ConfigFile.cc in Sources */,
				CC8BB0B31799A4D900F9864F /* GBAEmulationViewController.m in Sources */,
				CC1578F0179D08020068A54E /* pngwutil.c in Sources */,
				CC157A9F179D15C60068A54E /* Cheats.cc in Sources */,
				CC157AB1179D15C60068A54E /* VController.cc in Sources */,
				CC1579F3179D11810068A54E /* IoMmapFd.cc in Sources */,
				CC157AA7179D15C60068A54E /* FileUtils.cc in Sources */,
				CC157AA6179D15C60068A54E /* FilePicker.cc in Sources */,
				CC1579EE179D11810068A54E /* FsPosix.cc in Sources */,
				CC157AAB179D15C60068A54E /* OptionView.cc in Sources */,
				CC1579EF179D11810068A54E /* GuiTable1D.cc in Sources */,
				CC1578E8179D08020068A54E /* pngrio.c in Sources */,
				CC157909179D08530068A54E /* mztools.c in Sources */,
				CC157AA1179D15C60068A54E /* CreditsView.cc in Sources */,
				CC1578E4179D08020068A54E /* pngget.c in Sources */,
				CC1579F7179D11810068A54E /* NavView.cc in Sources */,
				CC157A9E179D15C60068A54E /* ButtonConfigView.cc in Sources */,
				CC157AAD179D15C60068A54E /* Screenshot.cc in Sources */,
				CC157AA9179D15C60068A54E /* MenuView.cc in Sources */,
				CC157AA5179D15C60068A54E /* EmuView.cc in Sources */,
				CC1578E9179D08020068A54E /* pngrtran.c in Sources */,
				CC1578E6179D08020068A54E /* pngpread.c in Sources */,
				CC1579F8179D11810068A54E /* opengl.cc in Sources */,
				CC1579FA179D11810068A54E /* Quartz2d.cc in Sources */,
				CC2D57411798F44700C616EB /* GBAROMTableViewController.m in Sources */,
				CC15790A179D08530068A54E /* unzip.c in Sources */,
				CC157AA2179D15C60068A54E /* EmuInput.cc in Sources */,
				CC157A02179D11810068A54E /* View.cc in Sources */,
				CC157AAC179D15C60068A54E /* Recent.cc in Sources */,
				CC1579FC179D11810068A54E /* ResourceFace.cc in Sources */,
				CC157AAA179D15C60068A54E /* MsgPopup.cc in Sources */,
				CC1579F6179D11810068A54E /* MenuItem.cc in Sources */,
				CC1579F9179D11810068A54E /* Pixmap.cc in Sources */,
				CC157AA4179D15C60068A54E /* EmuSystem.cc in Sources */,
				CC157AB0179D15C60068A54E /* TouchConfigView.cc in Sources */,
				CC1579F1179D11810068A54E /* IoFd.cc in Sources */,
				CC157AA8179D15C60068A54E /* InputManagerView.cc in Sources */,
				CC1579ED179D11810068A54E /* FSPicker.cc in Sources */,
				CC157AAE179D15C60068A54E /* StateSlotView.cc in Sources */,
				CC1578EB179D08020068A54E /* pngset.c in Sources */,
			);
			runOnlyForDeploymentPostprocessing = 0;
		};
		CC2D571C1798F2ED00C616EB /* Sources */ = {
			isa = PBXSourcesBuildPhase;
			buildActionMask = 2147483647;
			files = (
				CC2D572E1798F2ED00C616EB /* GBA4iOSTests.m in Sources */,
			);
			runOnlyForDeploymentPostprocessing = 0;
		};
/* End PBXSourcesBuildPhase section */

/* Begin PBXTargetDependency section */
		CC2D57261798F2ED00C616EB /* PBXTargetDependency */ = {
			isa = PBXTargetDependency;
			target = CC2D56FB1798F2EC00C616EB /* GBA4iOS */;
			targetProxy = CC2D57251798F2ED00C616EB /* PBXContainerItemProxy */;
		};
/* End PBXTargetDependency section */

/* Begin PBXVariantGroup section */
		CC2D57081798F2EC00C616EB /* InfoPlist.strings */ = {
			isa = PBXVariantGroup;
			children = (
				CC2D57091798F2EC00C616EB /* en */,
			);
			name = InfoPlist.strings;
			sourceTree = "<group>";
		};
		CC2D57111798F2EC00C616EB /* Main_iPhone.storyboard */ = {
			isa = PBXVariantGroup;
			children = (
				CC2D57121798F2EC00C616EB /* Base */,
			);
			name = Main_iPhone.storyboard;
			sourceTree = "<group>";
		};
		CC2D57141798F2EC00C616EB /* Main_iPad.storyboard */ = {
			isa = PBXVariantGroup;
			children = (
				CC2D57151798F2EC00C616EB /* Base */,
			);
			name = Main_iPad.storyboard;
			sourceTree = "<group>";
		};
		CC2D572A1798F2ED00C616EB /* InfoPlist.strings */ = {
			isa = PBXVariantGroup;
			children = (
				CC2D572B1798F2ED00C616EB /* en */,
			);
			name = InfoPlist.strings;
			sourceTree = "<group>";
		};
/* End PBXVariantGroup section */

/* Begin XCBuildConfiguration section */
		CC2D572F1798F2ED00C616EB /* Debug */ = {
			isa = XCBuildConfiguration;
			buildSettings = {
				ALWAYS_SEARCH_USER_PATHS = NO;
				CLANG_CXX_LANGUAGE_STANDARD = "gnu++0x";
				CLANG_CXX_LIBRARY = "libc++";
				CLANG_ENABLE_MODULES = YES;
				CLANG_ENABLE_OBJC_ARC = YES;
				CLANG_WARN_BOOL_CONVERSION = YES;
				CLANG_WARN_CONSTANT_CONVERSION = YES;
				CLANG_WARN_DIRECT_OBJC_ISA_USAGE = YES_ERROR;
				CLANG_WARN_EMPTY_BODY = YES;
				CLANG_WARN_ENUM_CONVERSION = YES;
				CLANG_WARN_INT_CONVERSION = YES;
				CLANG_WARN_OBJC_ROOT_CLASS = YES_ERROR;
				CLANG_WARN__DUPLICATE_METHOD_MATCH = YES;
				CODE_SIGN_IDENTITY = "iPhone Developer: Yvette Testut (B5VNWGK3MY)";
				"CODE_SIGN_IDENTITY[sdk=iphoneos*]" = "";
				COPY_PHASE_STRIP = NO;
				GCC_C_LANGUAGE_STANDARD = gnu99;
				GCC_DYNAMIC_NO_PIC = NO;
				GCC_OPTIMIZATION_LEVEL = 0;
				GCC_PREPROCESSOR_DEFINITIONS = (
					"DEBUG=1",
					"$(inherited)",
				);
				GCC_SYMBOLS_PRIVATE_EXTERN = NO;
				GCC_WARN_ABOUT_RETURN_TYPE = YES_ERROR;
				GCC_WARN_UNDECLARED_SELECTOR = YES;
				GCC_WARN_UNINITIALIZED_AUTOS = YES;
				GCC_WARN_UNUSED_FUNCTION = YES;
				GCC_WARN_UNUSED_VARIABLE = YES;
				IPHONEOS_DEPLOYMENT_TARGET = 6.0;
				ONLY_ACTIVE_ARCH = YES;
				OTHER_CFLAGS = (
					"-Isrc",
					"-I/usr/lib/c++/v1",
					"-Woverloaded-virtual",
					"-fno-rtti",
					"-fno-exceptions",
					"-fno-threadsafe-statics",
					"-pipe",
					"-fvisibility=hidden",
					"-O2",
					"-ffast-math",
					"-fmerge-all-constants",
					"-g",
					"-Wall",
					"-Wextra",
					"-Wno-comment",
					"-Wno-missing-field-initializers",
					"-Wno-unused",
					"-Wno-unused-parameter",
					"-Wno-attributes",
					"-Isrc",
					"-DHAVE_ZLIB_H",
					"-DFINAL_VERSION",
					"-DC_CORE",
					"-DNO_PNG",
					"-DNO_LINK",
					"-DNO_DEBUGGER",
					"-DBLIP_BUFFER_FAST=1",
					"-DSysDecimal=float",
					"-Isrc/vbam",
					"-I/usr/lib/c++/v1",
					"-Woverloaded-virtual",
					"-fno-rtti",
					"-fno-exceptions",
					"-fno-threadsafe-statics",
					"-pipe",
					"-fvisibility=hidden",
					"-O2",
					"-ffast-math",
					"-fmerge-all-constants",
					"-g",
					"-Wall",
					"-Wextra",
					"-Wno-comment",
					"-Wno-missing-field-initializers",
					"-Wno-unused",
					"-Wno-unused-parameter",
					"-Wno-attributes",
				);
				PROVISIONING_PROFILE = "03AA276F-D9E3-48ED-BD17-14EFDE025E2E";
				SDKROOT = iphoneos;
				TARGETED_DEVICE_FAMILY = "1,2";
			};
			name = Debug;
		};
		CC2D57301798F2ED00C616EB /* Release */ = {
			isa = XCBuildConfiguration;
			buildSettings = {
				ALWAYS_SEARCH_USER_PATHS = NO;
				CLANG_CXX_LANGUAGE_STANDARD = "gnu++0x";
				CLANG_CXX_LIBRARY = "libc++";
				CLANG_ENABLE_MODULES = YES;
				CLANG_ENABLE_OBJC_ARC = YES;
				CLANG_WARN_BOOL_CONVERSION = YES;
				CLANG_WARN_CONSTANT_CONVERSION = YES;
				CLANG_WARN_DIRECT_OBJC_ISA_USAGE = YES_ERROR;
				CLANG_WARN_EMPTY_BODY = YES;
				CLANG_WARN_ENUM_CONVERSION = YES;
				CLANG_WARN_INT_CONVERSION = YES;
				CLANG_WARN_OBJC_ROOT_CLASS = YES_ERROR;
				CLANG_WARN__DUPLICATE_METHOD_MATCH = YES;
				CODE_SIGN_IDENTITY = "iPhone Developer: Yvette Testut (B5VNWGK3MY)";
				"CODE_SIGN_IDENTITY[sdk=iphoneos*]" = "";
				COPY_PHASE_STRIP = YES;
				ENABLE_NS_ASSERTIONS = NO;
				GCC_C_LANGUAGE_STANDARD = gnu99;
				GCC_WARN_ABOUT_RETURN_TYPE = YES_ERROR;
				GCC_WARN_UNDECLARED_SELECTOR = YES;
				GCC_WARN_UNINITIALIZED_AUTOS = YES;
				GCC_WARN_UNUSED_FUNCTION = YES;
				GCC_WARN_UNUSED_VARIABLE = YES;
				IPHONEOS_DEPLOYMENT_TARGET = 6.0;
				OTHER_CFLAGS = (
					"-Isrc",
					"-I/usr/lib/c++/v1",
					"-Woverloaded-virtual",
					"-fno-rtti",
					"-fno-exceptions",
					"-fno-threadsafe-statics",
					"-pipe",
					"-fvisibility=hidden",
					"-O2",
					"-ffast-math",
					"-fmerge-all-constants",
					"-g",
					"-Wall",
					"-Wextra",
					"-Wno-comment",
					"-Wno-missing-field-initializers",
					"-Wno-unused",
					"-Wno-unused-parameter",
					"-Wno-attributes",
					"-Isrc",
					"-DHAVE_ZLIB_H",
					"-DFINAL_VERSION",
					"-DC_CORE",
					"-DNO_PNG",
					"-DNO_LINK",
					"-DNO_DEBUGGER",
					"-DBLIP_BUFFER_FAST=1",
					"-DSysDecimal=float",
					"-Isrc/vbam",
					"-I/usr/lib/c++/v1",
					"-Woverloaded-virtual",
					"-fno-rtti",
					"-fno-exceptions",
					"-fno-threadsafe-statics",
					"-pipe",
					"-fvisibility=hidden",
					"-O2",
					"-ffast-math",
					"-fmerge-all-constants",
					"-g",
					"-Wall",
					"-Wextra",
					"-Wno-comment",
					"-Wno-missing-field-initializers",
					"-Wno-unused",
					"-Wno-unused-parameter",
					"-Wno-attributes",
				);
				PROVISIONING_PROFILE = "03AA276F-D9E3-48ED-BD17-14EFDE025E2E";
				SDKROOT = iphoneos;
				TARGETED_DEVICE_FAMILY = "1,2";
				VALIDATE_PRODUCT = YES;
			};
			name = Release;
		};
		CC2D57321798F2ED00C616EB /* Debug */ = {
			isa = XCBuildConfiguration;
			baseConfigurationReference = E497718ED60948D8A50CF8AA /* Pods.xcconfig */;
			buildSettings = {
				ASSETCATALOG_COMPILER_APPICON_NAME = AppIcon;
				ASSETCATALOG_COMPILER_LAUNCHIMAGE_NAME = LaunchImage;
				CODE_SIGN_IDENTITY = "iPhone Developer";
				FRAMEWORK_SEARCH_PATHS = (
					"$(inherited)",
					"$(SYSTEM_APPS_DIR)/Xcode5-DP3.app/Contents/Developer/Library/Frameworks",
				);
				GCC_PRECOMPILE_PREFIX_HEADER = YES;
				GCC_PREFIX_HEADER = "GBA4iOS/GBA4iOS-Prefix.pch";
				HEADER_SEARCH_PATHS = (
					"\"${PODS_ROOT}/Headers\"",
					"\"${PODS_ROOT}/Headers/NJKWebViewProgress\"",
					"\"${PODS_ROOT}/Headers/RSTAlertView\"",
					"\"${PODS_ROOT}/Headers/RSTFileBrowserViewController\"",
					"\"${PODS_ROOT}/Headers/RSTWebViewController\"",
					"\"$(SRCROOT)/GBA4iOS/Emulator Code/GBA/imagine/\"",
					"\"$(SRCROOT)/GBA4iOS/Emulator Code/GBA/EmuFramework/\"",
				);
				INFOPLIST_FILE = "GBA4iOS/GBA4iOS-Info.plist";
				PRODUCT_NAME = "$(TARGET_NAME)";
				WRAPPER_EXTENSION = app;
			};
			name = Debug;
		};
		CC2D57331798F2ED00C616EB /* Release */ = {
			isa = XCBuildConfiguration;
			baseConfigurationReference = E497718ED60948D8A50CF8AA /* Pods.xcconfig */;
			buildSettings = {
				ASSETCATALOG_COMPILER_APPICON_NAME = AppIcon;
				ASSETCATALOG_COMPILER_LAUNCHIMAGE_NAME = LaunchImage;
				CODE_SIGN_IDENTITY = "iPhone Developer";
				FRAMEWORK_SEARCH_PATHS = (
					"$(inherited)",
					"$(SYSTEM_APPS_DIR)/Xcode5-DP3.app/Contents/Developer/Library/Frameworks",
				);
				GCC_PRECOMPILE_PREFIX_HEADER = YES;
				GCC_PREFIX_HEADER = "GBA4iOS/GBA4iOS-Prefix.pch";
				HEADER_SEARCH_PATHS = (
					"\"${PODS_ROOT}/Headers\"",
					"\"${PODS_ROOT}/Headers/NJKWebViewProgress\"",
					"\"${PODS_ROOT}/Headers/RSTAlertView\"",
					"\"${PODS_ROOT}/Headers/RSTFileBrowserViewController\"",
					"\"${PODS_ROOT}/Headers/RSTWebViewController\"",
					"\"$(SRCROOT)/GBA4iOS/Emulator Code/GBA/imagine/\"",
					"\"$(SRCROOT)/GBA4iOS/Emulator Code/GBA/EmuFramework/\"",
				);
				INFOPLIST_FILE = "GBA4iOS/GBA4iOS-Info.plist";
				PRODUCT_NAME = "$(TARGET_NAME)";
				WRAPPER_EXTENSION = app;
			};
			name = Release;
		};
		CC2D57351798F2ED00C616EB /* Debug */ = {
			isa = XCBuildConfiguration;
			buildSettings = {
				BUNDLE_LOADER = "$(BUILT_PRODUCTS_DIR)/GBA4iOS.app/GBA4iOS";
				FRAMEWORK_SEARCH_PATHS = (
					"$(SDKROOT)/Developer/Library/Frameworks",
					"$(inherited)",
					"$(SYSTEM_APPS_DIR)/Xcode5-DP3.app/Contents/Developer/Library/Frameworks",
				);
				GCC_PRECOMPILE_PREFIX_HEADER = YES;
				GCC_PREFIX_HEADER = "GBA4iOS/GBA4iOS-Prefix.pch";
				GCC_PREPROCESSOR_DEFINITIONS = (
					"DEBUG=1",
					"$(inherited)",
				);
				INFOPLIST_FILE = "GBA4iOSTests/GBA4iOSTests-Info.plist";
				PRODUCT_NAME = "$(TARGET_NAME)";
				TEST_HOST = "$(BUNDLE_LOADER)";
				WRAPPER_EXTENSION = xctest;
			};
			name = Debug;
		};
		CC2D57361798F2ED00C616EB /* Release */ = {
			isa = XCBuildConfiguration;
			buildSettings = {
				BUNDLE_LOADER = "$(BUILT_PRODUCTS_DIR)/GBA4iOS.app/GBA4iOS";
				FRAMEWORK_SEARCH_PATHS = (
					"$(SDKROOT)/Developer/Library/Frameworks",
					"$(inherited)",
					"$(SYSTEM_APPS_DIR)/Xcode5-DP3.app/Contents/Developer/Library/Frameworks",
				);
				GCC_PRECOMPILE_PREFIX_HEADER = YES;
				GCC_PREFIX_HEADER = "GBA4iOS/GBA4iOS-Prefix.pch";
				INFOPLIST_FILE = "GBA4iOSTests/GBA4iOSTests-Info.plist";
				PRODUCT_NAME = "$(TARGET_NAME)";
				TEST_HOST = "$(BUNDLE_LOADER)";
				WRAPPER_EXTENSION = xctest;
			};
			name = Release;
		};
/* End XCBuildConfiguration section */

/* Begin XCConfigurationList section */
		CC2D56F71798F2EC00C616EB /* Build configuration list for PBXProject "GBA4iOS" */ = {
			isa = XCConfigurationList;
			buildConfigurations = (
				CC2D572F1798F2ED00C616EB /* Debug */,
				CC2D57301798F2ED00C616EB /* Release */,
			);
			defaultConfigurationIsVisible = 0;
			defaultConfigurationName = Release;
		};
		CC2D57311798F2ED00C616EB /* Build configuration list for PBXNativeTarget "GBA4iOS" */ = {
			isa = XCConfigurationList;
			buildConfigurations = (
				CC2D57321798F2ED00C616EB /* Debug */,
				CC2D57331798F2ED00C616EB /* Release */,
			);
			defaultConfigurationIsVisible = 0;
			defaultConfigurationName = Release;
		};
		CC2D57341798F2ED00C616EB /* Build configuration list for PBXNativeTarget "GBA4iOSTests" */ = {
			isa = XCConfigurationList;
			buildConfigurations = (
				CC2D57351798F2ED00C616EB /* Debug */,
				CC2D57361798F2ED00C616EB /* Release */,
			);
			defaultConfigurationIsVisible = 0;
			defaultConfigurationName = Release;
		};
/* End XCConfigurationList section */
	};
	rootObject = CC2D56F41798F2EC00C616EB /* Project object */;
}
